PODS:
  - ReachabilitySwift (4.3.0)

DEPENDENCIES:
  - ReachabilitySwift

SPEC REPOS:
  https://github.com/cocoapods/specs.git:
    - ReachabilitySwift

SPEC CHECKSUMS:
  ReachabilitySwift: 408477d1b6ed9779dba301953171e017c31241f3

PODFILE CHECKSUM: 0a37dd21daace4e9491496f51280ef2259635294

COCOAPODS: 1.5.3
