PODS:
  - ReachabilitySwift (4.3.0)

DEPENDENCIES:
  - ReachabilitySwift

SPEC REPOS:
  https://github.com/cocoapods/specs.git:
    - ReachabilitySwift

SPEC CHECKSUMS:
  ReachabilitySwift: 408477d1b6ed9779dba301953171e017c31241f3

PODFILE CHECKSUM: f59ea1aa3b1dbf873da9c79c15ed99a9ef75f238

COCOAPODS: 1.5.3
