// !$*UTF8*$!
{
	archiveVersion = 1;
	classes = {
	};
	objectVersion = 46;
	objects = {

/* Begin PBXBuildFile section */
		570D8D23280631F900E6836A /* DeleteCloudCoreZoneOperation.swift in Sources */ = {isa = PBXBuildFile; fileRef = 570D8D22280631F900E6836A /* DeleteCloudCoreZoneOperation.swift */; };
		57505AB021A7591500D9CF8F /* PullResult.swift in Sources */ = {isa = PBXBuildFile; fileRef = 57505AAF21A7591500D9CF8F /* PullResult.swift */; };
		575ADF462655AB7C0050D693 /* PullRecordOperation.swift in Sources */ = {isa = PBXBuildFile; fileRef = 575ADF442655AB7C0050D693 /* PullRecordOperation.swift */; };
		575ADF472655AB7C0050D693 /* PullChangesOperation.swift in Sources */ = {isa = PBXBuildFile; fileRef = 575ADF452655AB7C0050D693 /* PullChangesOperation.swift */; };
		5763BF7E280B427900B2CCCD /* CloudCoreSharingController.swift in Sources */ = {isa = PBXBuildFile; fileRef = 5763BF7C280B427900B2CCCD /* CloudCoreSharingController.swift */; };
		5763BF7F280B427900B2CCCD /* CloudCoreSharing.swift in Sources */ = {isa = PBXBuildFile; fileRef = 5763BF7D280B427900B2CCCD /* CloudCoreSharing.swift */; };
		5763BF8B280B42F400B2CCCD /* CloudKitSharing.swift in Sources */ = {isa = PBXBuildFile; fileRef = 5763BF89280B42F400B2CCCD /* CloudKitSharing.swift */; };
		5763BF8C280B42F400B2CCCD /* CloudCoreType.swift in Sources */ = {isa = PBXBuildFile; fileRef = 5763BF8A280B42F400B2CCCD /* CloudCoreType.swift */; };
		5763BF8F280B430C00B2CCCD /* NSManagedContainer.swift in Sources */ = {isa = PBXBuildFile; fileRef = 5763BF8D280B430C00B2CCCD /* NSManagedContainer.swift */; };
		5763BF90280B430C00B2CCCD /* UIViewController+CloudKit.swift in Sources */ = {isa = PBXBuildFile; fileRef = 5763BF8E280B430C00B2CCCD /* UIViewController+CloudKit.swift */; };
		5763BF9F280B490200B2CCCD /* DownloadOperation.swift in Sources */ = {isa = PBXBuildFile; fileRef = 5763BF9B280B490200B2CCCD /* DownloadOperation.swift */; };
		5763BFA0280B490200B2CCCD /* CloudCoreCacheManager.swift in Sources */ = {isa = PBXBuildFile; fileRef = 5763BF9C280B490200B2CCCD /* CloudCoreCacheManager.swift */; };
		5763BFA1280B490200B2CCCD /* CloudCoreCacheable.swift in Sources */ = {isa = PBXBuildFile; fileRef = 5763BF9D280B490200B2CCCD /* CloudCoreCacheable.swift */; };
		5763BFA2280B490200B2CCCD /* UploadOperation.swift in Sources */ = {isa = PBXBuildFile; fileRef = 5763BF9E280B490200B2CCCD /* UploadOperation.swift */; };
		D9089D4A1FE14E57000FC60C /* SetupOperation.swift in Sources */ = {isa = PBXBuildFile; fileRef = D9089D491FE14E57000FC60C /* SetupOperation.swift */; };
		D97465F81FE319930060EA66 /* CloudCoreDelegate.swift in Sources */ = {isa = PBXBuildFile; fileRef = D97465F71FE319930060EA66 /* CloudCoreDelegate.swift */; };
		D97465FA1FE31A650060EA66 /* Module.swift in Sources */ = {isa = PBXBuildFile; fileRef = D97465F91FE31A650060EA66 /* Module.swift */; };
		D985DE9D1FDFF9D400236870 /* PurgeLocalDatabaseOperation.swift in Sources */ = {isa = PBXBuildFile; fileRef = D985DE9C1FDFF9D400236870 /* PurgeLocalDatabaseOperation.swift */; };
		D985DEA41FE026D400236870 /* CreateCloudCoreZoneOperation.swift in Sources */ = {isa = PBXBuildFile; fileRef = D985DEA31FE026D400236870 /* CreateCloudCoreZoneOperation.swift */; };
		D985DEA81FE0292000236870 /* SubscribeOperation.swift in Sources */ = {isa = PBXBuildFile; fileRef = D985DEA71FE0292000236870 /* SubscribeOperation.swift */; };
		D985DEAB1FE0335800236870 /* PushAllLocalDataOperation.swift in Sources */ = {isa = PBXBuildFile; fileRef = D985DEAA1FE0335800236870 /* PushAllLocalDataOperation.swift */; };
		D985DEAE1FE034A900236870 /* NSManagedObjectModel.swift in Sources */ = {isa = PBXBuildFile; fileRef = D985DEAD1FE034A900236870 /* NSManagedObjectModel.swift */; };
		D9B3C6F61FCEF38D00CDB7FF /* AppDelegate.swift in Sources */ = {isa = PBXBuildFile; fileRef = D9B3C6F51FCEF38D00CDB7FF /* AppDelegate.swift */; };
		D9B3C6F81FCEF38D00CDB7FF /* ViewController.swift in Sources */ = {isa = PBXBuildFile; fileRef = D9B3C6F71FCEF38D00CDB7FF /* ViewController.swift */; };
		D9B3C6FB1FCEF38D00CDB7FF /* Main.storyboard in Resources */ = {isa = PBXBuildFile; fileRef = D9B3C6F91FCEF38D00CDB7FF /* Main.storyboard */; };
		D9B3C6FE1FCEF38D00CDB7FF /* TestableApp.xcdatamodeld in Sources */ = {isa = PBXBuildFile; fileRef = D9B3C6FC1FCEF38D00CDB7FF /* TestableApp.xcdatamodeld */; };
		D9B3C7001FCEF38D00CDB7FF /* Assets.xcassets in Resources */ = {isa = PBXBuildFile; fileRef = D9B3C6FF1FCEF38D00CDB7FF /* Assets.xcassets */; };
		D9B3C7031FCEF38D00CDB7FF /* LaunchScreen.storyboard in Resources */ = {isa = PBXBuildFile; fileRef = D9B3C7011FCEF38D00CDB7FF /* LaunchScreen.storyboard */; };
		D9B3C71F1FCEF96D00CDB7FF /* CloudKitTests.swift in Sources */ = {isa = PBXBuildFile; fileRef = D9B3C71E1FCEF96D00CDB7FF /* CloudKitTests.swift */; };
		D9B3C72D1FCEFB4300CDB7FF /* model.xcdatamodeld in Sources */ = {isa = PBXBuildFile; fileRef = D9B3C7291FCEFA9800CDB7FF /* model.xcdatamodeld */; };
		D9B3C72E1FCEFB4D00CDB7FF /* CoreDataTestCase.swift in Sources */ = {isa = PBXBuildFile; fileRef = D9B3C7271FCEFA6F00CDB7FF /* CoreDataTestCase.swift */; };
		D9B3C72F1FCEFB5100CDB7FF /* CorrectObject.swift in Sources */ = {isa = PBXBuildFile; fileRef = D9B3C72B1FCEFAB800CDB7FF /* CorrectObject.swift */; };
		D9B3C7311FCEFC9C00CDB7FF /* CloudCore.framework in Frameworks */ = {isa = PBXBuildFile; fileRef = D5B2E89F1C3A780C00C0327D /* CloudCore.framework */; };
		D9B3C7341FCEFD9100CDB7FF /* CloudKit.framework in Frameworks */ = {isa = PBXBuildFile; fileRef = D9B3C7331FCEFD9100CDB7FF /* CloudKit.framework */; };
		D9B3C7361FCF02F000CDB7FF /* Helpers.swift in Sources */ = {isa = PBXBuildFile; fileRef = D9B3C7351FCF02F000CDB7FF /* Helpers.swift */; };
		D9B3C7391FCF0C9E00CDB7FF /* CorrectObject.swift in Sources */ = {isa = PBXBuildFile; fileRef = D9B3C72B1FCEFAB800CDB7FF /* CorrectObject.swift */; };
		D9B3C73A1FCF0CA900CDB7FF /* CoreDataTestCase.swift in Sources */ = {isa = PBXBuildFile; fileRef = D9B3C7271FCEFA6F00CDB7FF /* CoreDataTestCase.swift */; };
		D9B3C73D1FCF0D2700CDB7FF /* CorrectObjectExtension.swift in Sources */ = {isa = PBXBuildFile; fileRef = D9B3C73C1FCF0D2700CDB7FF /* CorrectObjectExtension.swift */; };
		E200D44D1E48E13200B707D4 /* CloudCore.swift in Sources */ = {isa = PBXBuildFile; fileRef = E200D44C1E48E13200B707D4 /* CloudCore.swift */; };
		E2075FF91E4BBEAC00E31F1F /* AsynchronousOperation.swift in Sources */ = {isa = PBXBuildFile; fileRef = E2075FF81E4BBEAC00E31F1F /* AsynchronousOperation.swift */; };
		E2075FFF1E4BCD7E00E31F1F /* ObjectToRecordOperation.swift in Sources */ = {isa = PBXBuildFile; fileRef = E2075FFE1E4BCD7E00E31F1F /* ObjectToRecordOperation.swift */; };
		E20A73CC1E68608100A6851A /* RecordToCoreDataOperationTests.swift in Sources */ = {isa = PBXBuildFile; fileRef = E20A73CB1E68608100A6851A /* RecordToCoreDataOperationTests.swift */; };
		E21FA03E1E4A7E7200B1DAA2 /* RecordToCoreDataOperation.swift in Sources */ = {isa = PBXBuildFile; fileRef = E21FA03D1E4A7E7200B1DAA2 /* RecordToCoreDataOperation.swift */; };
		E22A53DA1E4A8743009286C0 /* CloudKitAttribute.swift in Sources */ = {isa = PBXBuildFile; fileRef = E22A53D91E4A8743009286C0 /* CloudKitAttribute.swift */; };
		E22C40461E42956C009469A1 /* CoreDataObserver.swift in Sources */ = {isa = PBXBuildFile; fileRef = E22C40451E42956C009469A1 /* CoreDataObserver.swift */; };
		E23C478C1E48A404004310F9 /* PushOperationQueue.swift in Sources */ = {isa = PBXBuildFile; fileRef = E23C478B1E48A404004310F9 /* PushOperationQueue.swift */; };
		E247EF971E67873E00EBD75E /* DeleteFromCoreDataOperationTests.swift in Sources */ = {isa = PBXBuildFile; fileRef = E247EF951E67873900EBD75E /* DeleteFromCoreDataOperationTests.swift */; };
		E247EF9A1E678EAC00EBD75E /* CustomFunctions.swift in Sources */ = {isa = PBXBuildFile; fileRef = E247EF981E678EA200EBD75E /* CustomFunctions.swift */; };
		E24F44A61E4595B900F78819 /* CoreDataRelationship.swift in Sources */ = {isa = PBXBuildFile; fileRef = E24F44A51E4595B900F78819 /* CoreDataRelationship.swift */; };
		E28F0B931E671E7400BF532A /* CKRecordTests.swift in Sources */ = {isa = PBXBuildFile; fileRef = E28F0B911E671E6500BF532A /* CKRecordTests.swift */; };
		E28F0BA21E67260900BF532A /* NSEntityDescriptionTests.swift in Sources */ = {isa = PBXBuildFile; fileRef = E28F0BA01E6725E700BF532A /* NSEntityDescriptionTests.swift */; };
		E28F0BA31E67280100BF532A /* NSManagedObjectTests.swift in Sources */ = {isa = PBXBuildFile; fileRef = E24F44A81E459E3E00F78819 /* NSManagedObjectTests.swift */; };
		E29BB21A1E4334590020F5B6 /* CloudCoreConfig.swift in Sources */ = {isa = PBXBuildFile; fileRef = E29BB2191E4334590020F5B6 /* CloudCoreConfig.swift */; };
		E29BB21C1E43381D0020F5B6 /* CloudCoreError.swift in Sources */ = {isa = PBXBuildFile; fileRef = E29BB21B1E43381D0020F5B6 /* CloudCoreError.swift */; };
		E29BB2211E4344E80020F5B6 /* CKRecord.swift in Sources */ = {isa = PBXBuildFile; fileRef = E29BB2201E4344E80020F5B6 /* CKRecord.swift */; };
		E29BB2231E4346FF0020F5B6 /* NSManagedObject.swift in Sources */ = {isa = PBXBuildFile; fileRef = E29BB2221E4346FF0020F5B6 /* NSManagedObject.swift */; };
		E29BB22D1E436F310020F5B6 /* CloudCore.framework in Frameworks */ = {isa = PBXBuildFile; fileRef = D5B2E89F1C3A780C00C0327D /* CloudCore.framework */; };
		E29BB2351E436F720020F5B6 /* model.xcdatamodeld in Sources */ = {isa = PBXBuildFile; fileRef = E29BB2331E436F720020F5B6 /* model.xcdatamodeld */; };
		E29BB2371E4377F80020F5B6 /* CoreDataAttribute.swift in Sources */ = {isa = PBXBuildFile; fileRef = E29BB2361E4377F80020F5B6 /* CoreDataAttribute.swift */; };
		E29D117A1E69813F00E3DCBF /* CoreDataAttributeTests.swift in Sources */ = {isa = PBXBuildFile; fileRef = E29D11791E69813F00E3DCBF /* CoreDataAttributeTests.swift */; };
		E29D117D1E69A47700E3DCBF /* CoreDataRelationshipTests.swift in Sources */ = {isa = PBXBuildFile; fileRef = E29D117B1E69A44C00E3DCBF /* CoreDataRelationshipTests.swift */; };
		E2A3F9451E69B6EC007A65EB /* ObjectToRecordOperationTests.swift in Sources */ = {isa = PBXBuildFile; fileRef = E2A3F9441E69B6EC007A65EB /* ObjectToRecordOperationTests.swift */; };
		E2C02A0E1E4C99AD001B2871 /* ObjectToRecordConverter.swift in Sources */ = {isa = PBXBuildFile; fileRef = E2C02A0D1E4C99AD001B2871 /* ObjectToRecordConverter.swift */; };
		E2C02A141E4CC2A5001B2871 /* FetchRecordZoneChangesOperation.swift in Sources */ = {isa = PBXBuildFile; fileRef = E2C02A131E4CC2A5001B2871 /* FetchRecordZoneChangesOperation.swift */; };
		E2C02A191E4CDEF1001B2871 /* DeleteFromCoreDataOperation.swift in Sources */ = {isa = PBXBuildFile; fileRef = E2C02A181E4CDEF1001B2871 /* DeleteFromCoreDataOperation.swift */; };
		E2D390081E4A49350019BBCD /* NSEntityDescription.swift in Sources */ = {isa = PBXBuildFile; fileRef = E2D390071E4A49350019BBCD /* NSEntityDescription.swift */; };
		E2E296CA1E49DA0800E7D6ED /* Tokens.swift in Sources */ = {isa = PBXBuildFile; fileRef = E2E296C91E49DA0800E7D6ED /* Tokens.swift */; };
		E2E4D8411E76D5A600550CBE /* PullOperation.swift in Sources */ = {isa = PBXBuildFile; fileRef = E2E4D83D1E76D4EF00550CBE /* PullOperation.swift */; };
		E2EE20071E4E6DCE0060F769 /* ServiceAttributeName.swift in Sources */ = {isa = PBXBuildFile; fileRef = E2EE20061E4E6DCE0060F769 /* ServiceAttributeName.swift */; };
		E2FA74441E769BF900C3489D /* RecordWithDatabase.swift in Sources */ = {isa = PBXBuildFile; fileRef = E2FA74431E769BF900C3489D /* RecordWithDatabase.swift */; };
		E2FA74481E769D9400C3489D /* RecordIDWithDatabase.swift in Sources */ = {isa = PBXBuildFile; fileRef = E2FA74471E769D9400C3489D /* RecordIDWithDatabase.swift */; };
/* End PBXBuildFile section */

/* Begin PBXContainerItemProxy section */
		D9B3C7211FCEF96D00CDB7FF /* PBXContainerItemProxy */ = {
			isa = PBXContainerItemProxy;
			containerPortal = D5B2E8961C3A780C00C0327D /* Project object */;
			proxyType = 1;
			remoteGlobalIDString = D9B3C6F21FCEF38D00CDB7FF;
			remoteInfo = TestableApp;
		};
		E29BB22E1E436F310020F5B6 /* PBXContainerItemProxy */ = {
			isa = PBXContainerItemProxy;
			containerPortal = D5B2E8961C3A780C00C0327D /* Project object */;
			proxyType = 1;
			remoteGlobalIDString = D5B2E89E1C3A780C00C0327D;
			remoteInfo = "CloudCore-iOS";
		};
/* End PBXContainerItemProxy section */

/* Begin PBXFileReference section */
		245F765CC7CBF0507158B4A9 /* Pods_CloudCoreTests.framework */ = {isa = PBXFileReference; explicitFileType = wrapper.framework; includeInIndex = 0; path = Pods_CloudCoreTests.framework; sourceTree = BUILT_PRODUCTS_DIR; };
		570D8D22280631F900E6836A /* DeleteCloudCoreZoneOperation.swift */ = {isa = PBXFileReference; fileEncoding = 4; lastKnownFileType = sourcecode.swift; path = DeleteCloudCoreZoneOperation.swift; sourceTree = "<group>"; };
		57505AAF21A7591500D9CF8F /* PullResult.swift */ = {isa = PBXFileReference; fileEncoding = 4; lastKnownFileType = sourcecode.swift; path = PullResult.swift; sourceTree = "<group>"; };
		575ADF442655AB7C0050D693 /* PullRecordOperation.swift */ = {isa = PBXFileReference; fileEncoding = 4; lastKnownFileType = sourcecode.swift; path = PullRecordOperation.swift; sourceTree = "<group>"; };
		575ADF452655AB7C0050D693 /* PullChangesOperation.swift */ = {isa = PBXFileReference; fileEncoding = 4; lastKnownFileType = sourcecode.swift; path = PullChangesOperation.swift; sourceTree = "<group>"; };
		5763BF7C280B427900B2CCCD /* CloudCoreSharingController.swift */ = {isa = PBXFileReference; fileEncoding = 4; lastKnownFileType = sourcecode.swift; path = CloudCoreSharingController.swift; sourceTree = "<group>"; };
		5763BF7D280B427900B2CCCD /* CloudCoreSharing.swift */ = {isa = PBXFileReference; fileEncoding = 4; lastKnownFileType = sourcecode.swift; path = CloudCoreSharing.swift; sourceTree = "<group>"; };
		5763BF89280B42F400B2CCCD /* CloudKitSharing.swift */ = {isa = PBXFileReference; fileEncoding = 4; lastKnownFileType = sourcecode.swift; path = CloudKitSharing.swift; sourceTree = "<group>"; };
		5763BF8A280B42F400B2CCCD /* CloudCoreType.swift */ = {isa = PBXFileReference; fileEncoding = 4; lastKnownFileType = sourcecode.swift; path = CloudCoreType.swift; sourceTree = "<group>"; };
		5763BF8D280B430C00B2CCCD /* NSManagedContainer.swift */ = {isa = PBXFileReference; fileEncoding = 4; lastKnownFileType = sourcecode.swift; path = NSManagedContainer.swift; sourceTree = "<group>"; };
		5763BF8E280B430C00B2CCCD /* UIViewController+CloudKit.swift */ = {isa = PBXFileReference; fileEncoding = 4; lastKnownFileType = sourcecode.swift; path = "UIViewController+CloudKit.swift"; sourceTree = "<group>"; };
		5763BF9B280B490200B2CCCD /* DownloadOperation.swift */ = {isa = PBXFileReference; fileEncoding = 4; lastKnownFileType = sourcecode.swift; path = DownloadOperation.swift; sourceTree = "<group>"; };
		5763BF9C280B490200B2CCCD /* CloudCoreCacheManager.swift */ = {isa = PBXFileReference; fileEncoding = 4; lastKnownFileType = sourcecode.swift; path = CloudCoreCacheManager.swift; sourceTree = "<group>"; };
		5763BF9D280B490200B2CCCD /* CloudCoreCacheable.swift */ = {isa = PBXFileReference; fileEncoding = 4; lastKnownFileType = sourcecode.swift; path = CloudCoreCacheable.swift; sourceTree = "<group>"; };
		5763BF9E280B490200B2CCCD /* UploadOperation.swift */ = {isa = PBXFileReference; fileEncoding = 4; lastKnownFileType = sourcecode.swift; path = UploadOperation.swift; sourceTree = "<group>"; };
		8EAC4D8B1B0EF4ECE4BDA160 /* Pods_CloudCore.framework */ = {isa = PBXFileReference; explicitFileType = wrapper.framework; includeInIndex = 0; path = Pods_CloudCore.framework; sourceTree = BUILT_PRODUCTS_DIR; };
		D5B2E89F1C3A780C00C0327D /* CloudCore.framework */ = {isa = PBXFileReference; explicitFileType = wrapper.framework; includeInIndex = 0; path = CloudCore.framework; sourceTree = BUILT_PRODUCTS_DIR; };
		D5C6298B1C3A8BBD007F7B7C /* Info.plist */ = {isa = PBXFileReference; fileEncoding = 4; lastKnownFileType = text.plist.xml; path = Info.plist; sourceTree = "<group>"; };
		D9089D491FE14E57000FC60C /* SetupOperation.swift */ = {isa = PBXFileReference; lastKnownFileType = sourcecode.swift; path = SetupOperation.swift; sourceTree = "<group>"; };
		D97465F71FE319930060EA66 /* CloudCoreDelegate.swift */ = {isa = PBXFileReference; lastKnownFileType = sourcecode.swift; path = CloudCoreDelegate.swift; sourceTree = "<group>"; };
		D97465F91FE31A650060EA66 /* Module.swift */ = {isa = PBXFileReference; lastKnownFileType = sourcecode.swift; path = Module.swift; sourceTree = "<group>"; };
		D985DE9C1FDFF9D400236870 /* PurgeLocalDatabaseOperation.swift */ = {isa = PBXFileReference; lastKnownFileType = sourcecode.swift; path = PurgeLocalDatabaseOperation.swift; sourceTree = "<group>"; };
		D985DEA31FE026D400236870 /* CreateCloudCoreZoneOperation.swift */ = {isa = PBXFileReference; lastKnownFileType = sourcecode.swift; path = CreateCloudCoreZoneOperation.swift; sourceTree = "<group>"; };
		D985DEA71FE0292000236870 /* SubscribeOperation.swift */ = {isa = PBXFileReference; lastKnownFileType = sourcecode.swift; path = SubscribeOperation.swift; sourceTree = "<group>"; };
		D985DEAA1FE0335800236870 /* PushAllLocalDataOperation.swift */ = {isa = PBXFileReference; lastKnownFileType = sourcecode.swift; path = PushAllLocalDataOperation.swift; sourceTree = "<group>"; };
		D985DEAD1FE034A900236870 /* NSManagedObjectModel.swift */ = {isa = PBXFileReference; lastKnownFileType = sourcecode.swift; path = NSManagedObjectModel.swift; sourceTree = "<group>"; };
		D9B3C6F31FCEF38D00CDB7FF /* TestableApp.app */ = {isa = PBXFileReference; explicitFileType = wrapper.application; includeInIndex = 0; path = TestableApp.app; sourceTree = BUILT_PRODUCTS_DIR; };
		D9B3C6F51FCEF38D00CDB7FF /* AppDelegate.swift */ = {isa = PBXFileReference; lastKnownFileType = sourcecode.swift; path = AppDelegate.swift; sourceTree = "<group>"; };
		D9B3C6F71FCEF38D00CDB7FF /* ViewController.swift */ = {isa = PBXFileReference; lastKnownFileType = sourcecode.swift; path = ViewController.swift; sourceTree = "<group>"; };
		D9B3C6FA1FCEF38D00CDB7FF /* Base */ = {isa = PBXFileReference; lastKnownFileType = file.storyboard; name = Base; path = Base.lproj/Main.storyboard; sourceTree = "<group>"; };
		D9B3C6FD1FCEF38D00CDB7FF /* TestableApp.xcdatamodel */ = {isa = PBXFileReference; lastKnownFileType = wrapper.xcdatamodel; path = TestableApp.xcdatamodel; sourceTree = "<group>"; };
		D9B3C6FF1FCEF38D00CDB7FF /* Assets.xcassets */ = {isa = PBXFileReference; lastKnownFileType = folder.assetcatalog; path = Assets.xcassets; sourceTree = "<group>"; };
		D9B3C7021FCEF38D00CDB7FF /* Base */ = {isa = PBXFileReference; lastKnownFileType = file.storyboard; name = Base; path = Base.lproj/LaunchScreen.storyboard; sourceTree = "<group>"; };
		D9B3C7041FCEF38D00CDB7FF /* Info.plist */ = {isa = PBXFileReference; lastKnownFileType = text.plist.xml; path = Info.plist; sourceTree = "<group>"; };
		D9B3C71C1FCEF96D00CDB7FF /* CloudKitTests.xctest */ = {isa = PBXFileReference; explicitFileType = wrapper.cfbundle; includeInIndex = 0; path = CloudKitTests.xctest; sourceTree = BUILT_PRODUCTS_DIR; };
		D9B3C71E1FCEF96D00CDB7FF /* CloudKitTests.swift */ = {isa = PBXFileReference; lastKnownFileType = sourcecode.swift; path = CloudKitTests.swift; sourceTree = "<group>"; };
		D9B3C7201FCEF96D00CDB7FF /* Info.plist */ = {isa = PBXFileReference; lastKnownFileType = text.plist.xml; path = Info.plist; sourceTree = "<group>"; };
		D9B3C7271FCEFA6F00CDB7FF /* CoreDataTestCase.swift */ = {isa = PBXFileReference; lastKnownFileType = sourcecode.swift; path = CoreDataTestCase.swift; sourceTree = "<group>"; };
		D9B3C72A1FCEFA9800CDB7FF /* model.xcdatamodel */ = {isa = PBXFileReference; lastKnownFileType = wrapper.xcdatamodel; path = model.xcdatamodel; sourceTree = "<group>"; };
		D9B3C72B1FCEFAB800CDB7FF /* CorrectObject.swift */ = {isa = PBXFileReference; lastKnownFileType = sourcecode.swift; path = CorrectObject.swift; sourceTree = "<group>"; };
		D9B3C7321FCEFD8100CDB7FF /* TestableApp.entitlements */ = {isa = PBXFileReference; lastKnownFileType = text.plist.entitlements; path = TestableApp.entitlements; sourceTree = "<group>"; };
		D9B3C7331FCEFD9100CDB7FF /* CloudKit.framework */ = {isa = PBXFileReference; lastKnownFileType = wrapper.framework; name = CloudKit.framework; path = System/Library/Frameworks/CloudKit.framework; sourceTree = SDKROOT; };
		D9B3C7351FCF02F000CDB7FF /* Helpers.swift */ = {isa = PBXFileReference; lastKnownFileType = sourcecode.swift; path = Helpers.swift; sourceTree = "<group>"; };
		D9B3C73C1FCF0D2700CDB7FF /* CorrectObjectExtension.swift */ = {isa = PBXFileReference; lastKnownFileType = sourcecode.swift; path = CorrectObjectExtension.swift; sourceTree = "<group>"; };
		E200D44C1E48E13200B707D4 /* CloudCore.swift */ = {isa = PBXFileReference; fileEncoding = 4; lastKnownFileType = sourcecode.swift; path = CloudCore.swift; sourceTree = "<group>"; };
		E2075FF81E4BBEAC00E31F1F /* AsynchronousOperation.swift */ = {isa = PBXFileReference; fileEncoding = 4; lastKnownFileType = sourcecode.swift; path = AsynchronousOperation.swift; sourceTree = "<group>"; };
		E2075FFE1E4BCD7E00E31F1F /* ObjectToRecordOperation.swift */ = {isa = PBXFileReference; fileEncoding = 4; lastKnownFileType = sourcecode.swift; path = ObjectToRecordOperation.swift; sourceTree = "<group>"; };
		E20A73CB1E68608100A6851A /* RecordToCoreDataOperationTests.swift */ = {isa = PBXFileReference; fileEncoding = 4; lastKnownFileType = sourcecode.swift; path = RecordToCoreDataOperationTests.swift; sourceTree = "<group>"; };
		E21FA03D1E4A7E7200B1DAA2 /* RecordToCoreDataOperation.swift */ = {isa = PBXFileReference; fileEncoding = 4; lastKnownFileType = sourcecode.swift; path = RecordToCoreDataOperation.swift; sourceTree = "<group>"; };
		E22A53D91E4A8743009286C0 /* CloudKitAttribute.swift */ = {isa = PBXFileReference; fileEncoding = 4; lastKnownFileType = sourcecode.swift; path = CloudKitAttribute.swift; sourceTree = "<group>"; };
		E22C40441E4291FB009469A1 /* CloudCore.podspec */ = {isa = PBXFileReference; lastKnownFileType = text; path = CloudCore.podspec; sourceTree = "<group>"; xcLanguageSpecificationIdentifier = xcode.lang.ruby; };
		E22C40451E42956C009469A1 /* CoreDataObserver.swift */ = {isa = PBXFileReference; fileEncoding = 4; lastKnownFileType = sourcecode.swift; path = CoreDataObserver.swift; sourceTree = "<group>"; };
		E23C478B1E48A404004310F9 /* PushOperationQueue.swift */ = {isa = PBXFileReference; fileEncoding = 4; lastKnownFileType = sourcecode.swift; path = PushOperationQueue.swift; sourceTree = "<group>"; };
		E247EF951E67873900EBD75E /* DeleteFromCoreDataOperationTests.swift */ = {isa = PBXFileReference; fileEncoding = 4; lastKnownFileType = sourcecode.swift; path = DeleteFromCoreDataOperationTests.swift; sourceTree = "<group>"; };
		E247EF981E678EA200EBD75E /* CustomFunctions.swift */ = {isa = PBXFileReference; fileEncoding = 4; lastKnownFileType = sourcecode.swift; path = CustomFunctions.swift; sourceTree = "<group>"; };
		E24F44A51E4595B900F78819 /* CoreDataRelationship.swift */ = {isa = PBXFileReference; fileEncoding = 4; lastKnownFileType = sourcecode.swift; path = CoreDataRelationship.swift; sourceTree = "<group>"; };
		E24F44A81E459E3E00F78819 /* NSManagedObjectTests.swift */ = {isa = PBXFileReference; fileEncoding = 4; lastKnownFileType = sourcecode.swift; path = NSManagedObjectTests.swift; sourceTree = "<group>"; };
		E277DB061E7726FB00DC334A /* PublicDatabaseSubscriptions.swift */ = {isa = PBXFileReference; fileEncoding = 4; lastKnownFileType = sourcecode.swift; path = PublicDatabaseSubscriptions.swift; sourceTree = "<group>"; };
		E277DB0C1E77F96400DC334A /* FetchPublicSubscriptionsOperation.swift */ = {isa = PBXFileReference; fileEncoding = 4; lastKnownFileType = sourcecode.swift; path = FetchPublicSubscriptionsOperation.swift; sourceTree = "<group>"; };
		E28F0B911E671E6500BF532A /* CKRecordTests.swift */ = {isa = PBXFileReference; fileEncoding = 4; lastKnownFileType = sourcecode.swift; path = CKRecordTests.swift; sourceTree = "<group>"; };
		E28F0BA01E6725E700BF532A /* NSEntityDescriptionTests.swift */ = {isa = PBXFileReference; fileEncoding = 4; lastKnownFileType = sourcecode.swift; path = NSEntityDescriptionTests.swift; sourceTree = "<group>"; };
		E29BB2191E4334590020F5B6 /* CloudCoreConfig.swift */ = {isa = PBXFileReference; fileEncoding = 4; lastKnownFileType = sourcecode.swift; path = CloudCoreConfig.swift; sourceTree = "<group>"; };
		E29BB21B1E43381D0020F5B6 /* CloudCoreError.swift */ = {isa = PBXFileReference; fileEncoding = 4; lastKnownFileType = sourcecode.swift; path = CloudCoreError.swift; sourceTree = "<group>"; };
		E29BB2201E4344E80020F5B6 /* CKRecord.swift */ = {isa = PBXFileReference; fileEncoding = 4; lastKnownFileType = sourcecode.swift; path = CKRecord.swift; sourceTree = "<group>"; };
		E29BB2221E4346FF0020F5B6 /* NSManagedObject.swift */ = {isa = PBXFileReference; fileEncoding = 4; lastKnownFileType = sourcecode.swift; path = NSManagedObject.swift; sourceTree = "<group>"; };
		E29BB2281E436F310020F5B6 /* CloudCoreTests.xctest */ = {isa = PBXFileReference; explicitFileType = wrapper.cfbundle; includeInIndex = 0; path = CloudCoreTests.xctest; sourceTree = BUILT_PRODUCTS_DIR; };
		E29BB22C1E436F310020F5B6 /* Info.plist */ = {isa = PBXFileReference; lastKnownFileType = text.plist.xml; path = Info.plist; sourceTree = "<group>"; };
		E29BB2341E436F720020F5B6 /* model.xcdatamodel */ = {isa = PBXFileReference; lastKnownFileType = wrapper.xcdatamodel; path = model.xcdatamodel; sourceTree = "<group>"; };
		E29BB2361E4377F80020F5B6 /* CoreDataAttribute.swift */ = {isa = PBXFileReference; fileEncoding = 4; lastKnownFileType = sourcecode.swift; path = CoreDataAttribute.swift; sourceTree = "<group>"; };
		E29D11791E69813F00E3DCBF /* CoreDataAttributeTests.swift */ = {isa = PBXFileReference; fileEncoding = 4; lastKnownFileType = sourcecode.swift; path = CoreDataAttributeTests.swift; sourceTree = "<group>"; };
		E29D117B1E69A44C00E3DCBF /* CoreDataRelationshipTests.swift */ = {isa = PBXFileReference; fileEncoding = 4; lastKnownFileType = sourcecode.swift; path = CoreDataRelationshipTests.swift; sourceTree = "<group>"; };
		E2A3F9441E69B6EC007A65EB /* ObjectToRecordOperationTests.swift */ = {isa = PBXFileReference; fileEncoding = 4; lastKnownFileType = sourcecode.swift; path = ObjectToRecordOperationTests.swift; sourceTree = "<group>"; };
		E2C02A0D1E4C99AD001B2871 /* ObjectToRecordConverter.swift */ = {isa = PBXFileReference; fileEncoding = 4; lastKnownFileType = sourcecode.swift; path = ObjectToRecordConverter.swift; sourceTree = "<group>"; };
		E2C02A131E4CC2A5001B2871 /* FetchRecordZoneChangesOperation.swift */ = {isa = PBXFileReference; fileEncoding = 4; lastKnownFileType = sourcecode.swift; path = FetchRecordZoneChangesOperation.swift; sourceTree = "<group>"; };
		E2C02A181E4CDEF1001B2871 /* DeleteFromCoreDataOperation.swift */ = {isa = PBXFileReference; fileEncoding = 4; lastKnownFileType = sourcecode.swift; path = DeleteFromCoreDataOperation.swift; sourceTree = "<group>"; };
		E2D390071E4A49350019BBCD /* NSEntityDescription.swift */ = {isa = PBXFileReference; fileEncoding = 4; lastKnownFileType = sourcecode.swift; path = NSEntityDescription.swift; sourceTree = "<group>"; };
		E2E296C91E49DA0800E7D6ED /* Tokens.swift */ = {isa = PBXFileReference; fileEncoding = 4; lastKnownFileType = sourcecode.swift; path = Tokens.swift; sourceTree = "<group>"; };
		E2E4D83D1E76D4EF00550CBE /* PullOperation.swift */ = {isa = PBXFileReference; fileEncoding = 4; lastKnownFileType = sourcecode.swift; path = PullOperation.swift; sourceTree = "<group>"; };
		E2EE20061E4E6DCE0060F769 /* ServiceAttributeName.swift */ = {isa = PBXFileReference; fileEncoding = 4; lastKnownFileType = sourcecode.swift; path = ServiceAttributeName.swift; sourceTree = "<group>"; };
		E2FA74431E769BF900C3489D /* RecordWithDatabase.swift */ = {isa = PBXFileReference; fileEncoding = 4; lastKnownFileType = sourcecode.swift; path = RecordWithDatabase.swift; sourceTree = "<group>"; };
		E2FA74471E769D9400C3489D /* RecordIDWithDatabase.swift */ = {isa = PBXFileReference; fileEncoding = 4; lastKnownFileType = sourcecode.swift; path = RecordIDWithDatabase.swift; sourceTree = "<group>"; };
/* End PBXFileReference section */

/* Begin PBXFrameworksBuildPhase section */
		D5B2E89B1C3A780C00C0327D /* Frameworks */ = {
			isa = PBXFrameworksBuildPhase;
			buildActionMask = 2147483647;
			files = (
			);
			runOnlyForDeploymentPostprocessing = 0;
		};
		D9B3C6F01FCEF38D00CDB7FF /* Frameworks */ = {
			isa = PBXFrameworksBuildPhase;
			buildActionMask = 2147483647;
			files = (
				D9B3C7341FCEFD9100CDB7FF /* CloudKit.framework in Frameworks */,
			);
			runOnlyForDeploymentPostprocessing = 0;
		};
		D9B3C7191FCEF96D00CDB7FF /* Frameworks */ = {
			isa = PBXFrameworksBuildPhase;
			buildActionMask = 2147483647;
			files = (
				D9B3C7311FCEFC9C00CDB7FF /* CloudCore.framework in Frameworks */,
			);
			runOnlyForDeploymentPostprocessing = 0;
		};
		E29BB2251E436F310020F5B6 /* Frameworks */ = {
			isa = PBXFrameworksBuildPhase;
			buildActionMask = 2147483647;
			files = (
				E29BB22D1E436F310020F5B6 /* CloudCore.framework in Frameworks */,
			);
			runOnlyForDeploymentPostprocessing = 0;
		};
/* End PBXFrameworksBuildPhase section */

/* Begin PBXGroup section */
		5763BF7B280B427900B2CCCD /* Sharing */ = {
			isa = PBXGroup;
			children = (
				5763BF7D280B427900B2CCCD /* CloudCoreSharing.swift */,
				5763BF7C280B427900B2CCCD /* CloudCoreSharingController.swift */,
			);
			path = Sharing;
			sourceTree = "<group>";
		};
		5763BF9A280B490200B2CCCD /* Caching */ = {
			isa = PBXGroup;
			children = (
				5763BF9D280B490200B2CCCD /* CloudCoreCacheable.swift */,
				5763BF9C280B490200B2CCCD /* CloudCoreCacheManager.swift */,
				5763BF9E280B490200B2CCCD /* UploadOperation.swift */,
				5763BF9B280B490200B2CCCD /* DownloadOperation.swift */,
			);
			path = Caching;
			sourceTree = "<group>";
		};
		D5B2E8951C3A780C00C0327D = {
			isa = PBXGroup;
			children = (
				D5B2E8A01C3A780C00C0327D /* Products */,
				D5C629691C3A809D007F7B7C /* Source */,
				E29BB2291E436F310020F5B6 /* Tests */,
				E22C40441E4291FB009469A1 /* CloudCore.podspec */,
				D9B3C7301FCEFC9C00CDB7FF /* Frameworks */,
			);
			sourceTree = "<group>";
		};
		D5B2E8A01C3A780C00C0327D /* Products */ = {
			isa = PBXGroup;
			children = (
				D5B2E89F1C3A780C00C0327D /* CloudCore.framework */,
				E29BB2281E436F310020F5B6 /* CloudCoreTests.xctest */,
				D9B3C6F31FCEF38D00CDB7FF /* TestableApp.app */,
				D9B3C71C1FCEF96D00CDB7FF /* CloudKitTests.xctest */,
			);
			name = Products;
			sourceTree = "<group>";
		};
		D5C629691C3A809D007F7B7C /* Source */ = {
			isa = PBXGroup;
			children = (
				E2FA744B1E76B7AC00C3489D /* Resources */,
				E2075FF11E4BB6EF00E31F1F /* Classes */,
				E2D507961E464FEA0038B6F8 /* Enum */,
				E29BB21F1E433FDA0020F5B6 /* Extensions */,
				E2E296C81E49DA0100E7D6ED /* Model */,
				E23C47931E48CE54004310F9 /* Protocols */,
			);
			path = Source;
			sourceTree = "<group>";
		};
		D90811681FE2BE3A00898F24 /* CloudCoreTests */ = {
			isa = PBXGroup;
			children = (
				E247EF8A1E67771C00EBD75E /* Classes */,
				E28F0B9C1E67244A00BF532A /* Extensions */,
				E23C47871E487CEA004310F9 /* Model */,
				E247EF981E678EA200EBD75E /* CustomFunctions.swift */,
				E29BB22C1E436F310020F5B6 /* Info.plist */,
				E29BB2331E436F720020F5B6 /* model.xcdatamodeld */,
			);
			path = CloudCoreTests;
			sourceTree = "<group>";
		};
		D9089D481FE14E4A000FC60C /* Setup */ = {
			isa = PBXGroup;
			children = (
				D9089D491FE14E57000FC60C /* SetupOperation.swift */,
				D985DEA31FE026D400236870 /* CreateCloudCoreZoneOperation.swift */,
				D985DEA71FE0292000236870 /* SubscribeOperation.swift */,
				570D8D22280631F900E6836A /* DeleteCloudCoreZoneOperation.swift */,
				D985DEAA1FE0335800236870 /* PushAllLocalDataOperation.swift */,
			);
			path = Setup;
			sourceTree = "<group>";
		};
		D9B3C6F41FCEF38D00CDB7FF /* App */ = {
			isa = PBXGroup;
			children = (
				D9B3C7321FCEFD8100CDB7FF /* TestableApp.entitlements */,
				D9B3C6F51FCEF38D00CDB7FF /* AppDelegate.swift */,
				D9B3C6F71FCEF38D00CDB7FF /* ViewController.swift */,
				D9B3C6F91FCEF38D00CDB7FF /* Main.storyboard */,
				D9B3C6FF1FCEF38D00CDB7FF /* Assets.xcassets */,
				D9B3C7011FCEF38D00CDB7FF /* LaunchScreen.storyboard */,
				D9B3C7041FCEF38D00CDB7FF /* Info.plist */,
				D9B3C6FC1FCEF38D00CDB7FF /* TestableApp.xcdatamodeld */,
			);
			path = App;
			sourceTree = "<group>";
		};
		D9B3C7161FCEF39300CDB7FF /* CloudKitTests */ = {
			isa = PBXGroup;
			children = (
				D9B3C71E1FCEF96D00CDB7FF /* CloudKitTests.swift */,
				D9B3C7351FCF02F000CDB7FF /* Helpers.swift */,
				D9B3C73C1FCF0D2700CDB7FF /* CorrectObjectExtension.swift */,
				D9B3C72C1FCEFAD900CDB7FF /* Resources */,
				D9B3C6F41FCEF38D00CDB7FF /* App */,
			);
			path = CloudKitTests;
			sourceTree = "<group>";
		};
		D9B3C72C1FCEFAD900CDB7FF /* Resources */ = {
			isa = PBXGroup;
			children = (
				D9B3C7291FCEFA9800CDB7FF /* model.xcdatamodeld */,
				D9B3C7201FCEF96D00CDB7FF /* Info.plist */,
			);
			path = Resources;
			sourceTree = "<group>";
		};
		D9B3C7301FCEFC9C00CDB7FF /* Frameworks */ = {
			isa = PBXGroup;
			children = (
				D9B3C7331FCEFD9100CDB7FF /* CloudKit.framework */,
				8EAC4D8B1B0EF4ECE4BDA160 /* Pods_CloudCore.framework */,
				245F765CC7CBF0507158B4A9 /* Pods_CloudCoreTests.framework */,
			);
			name = Frameworks;
			sourceTree = "<group>";
		};
		D9B3C7371FCF0C9200CDB7FF /* Shared */ = {
			isa = PBXGroup;
			children = (
				D9B3C72B1FCEFAB800CDB7FF /* CorrectObject.swift */,
				D9B3C7271FCEFA6F00CDB7FF /* CoreDataTestCase.swift */,
			);
			path = Shared;
			sourceTree = "<group>";
		};
		E2075FF11E4BB6EF00E31F1F /* Classes */ = {
			isa = PBXGroup;
			children = (
				E2075FF81E4BBEAC00E31F1F /* AsynchronousOperation.swift */,
				E200D44C1E48E13200B707D4 /* CloudCore.swift */,
				D9089D481FE14E4A000FC60C /* Setup */,
				E2075FF21E4BB6F700E31F1F /* Push */,
				E2075FF31E4BB70D00E31F1F /* Pull */,
				5763BF7B280B427900B2CCCD /* Sharing */,
				5763BF9A280B490200B2CCCD /* Caching */,
			);
			path = Classes;
			sourceTree = "<group>";
		};
		E2075FF21E4BB6F700E31F1F /* Push */ = {
			isa = PBXGroup;
			children = (
				E22C40451E42956C009469A1 /* CoreDataObserver.swift */,
				E23C478B1E48A404004310F9 /* PushOperationQueue.swift */,
				E2FA74461E769D8700C3489D /* Model */,
				E288C5751E4C9519002360A1 /* ObjectToRecord */,
			);
			path = Push;
			sourceTree = "<group>";
		};
		E2075FF31E4BB70D00E31F1F /* Pull */ = {
			isa = PBXGroup;
			children = (
				E2E4D83D1E76D4EF00550CBE /* PullOperation.swift */,
				575ADF452655AB7C0050D693 /* PullChangesOperation.swift */,
				575ADF442655AB7C0050D693 /* PullRecordOperation.swift */,
				E2C02A171E4CDEDA001B2871 /* SubOperations */,
				E277DB0F1E77FC9F00DC334A /* PublicSubscriptions */,
			);
			path = Pull;
			sourceTree = "<group>";
		};
		E23C47871E487CEA004310F9 /* Model */ = {
			isa = PBXGroup;
			children = (
				E28F0B911E671E6500BF532A /* CKRecordTests.swift */,
			);
			path = Model;
			sourceTree = "<group>";
		};
		E23C47931E48CE54004310F9 /* Protocols */ = {
			isa = PBXGroup;
			children = (
				D97465F71FE319930060EA66 /* CloudCoreDelegate.swift */,
				5763BF8A280B42F400B2CCCD /* CloudCoreType.swift */,
				5763BF89280B42F400B2CCCD /* CloudKitSharing.swift */,
			);
			path = Protocols;
			sourceTree = "<group>";
		};
		E247EF8A1E67771C00EBD75E /* Classes */ = {
			isa = PBXGroup;
			children = (
				E247EF8E1E677D1400EBD75E /* Pull */,
				E29D11771E69808800E3DCBF /* Push */,
			);
			path = Classes;
			sourceTree = "<group>";
		};
		E247EF8E1E677D1400EBD75E /* Pull */ = {
			isa = PBXGroup;
			children = (
				E247EF8F1E677D1B00EBD75E /* Operations */,
			);
			path = Pull;
			sourceTree = "<group>";
		};
		E247EF8F1E677D1B00EBD75E /* Operations */ = {
			isa = PBXGroup;
			children = (
				E247EF951E67873900EBD75E /* DeleteFromCoreDataOperationTests.swift */,
				E20A73CB1E68608100A6851A /* RecordToCoreDataOperationTests.swift */,
			);
			path = Operations;
			sourceTree = "<group>";
		};
		E277DB0F1E77FC9F00DC334A /* PublicSubscriptions */ = {
			isa = PBXGroup;
			children = (
				E277DB0C1E77F96400DC334A /* FetchPublicSubscriptionsOperation.swift */,
				E277DB061E7726FB00DC334A /* PublicDatabaseSubscriptions.swift */,
			);
			path = PublicSubscriptions;
			sourceTree = "<group>";
		};
		E288C5751E4C9519002360A1 /* ObjectToRecord */ = {
			isa = PBXGroup;
			children = (
				E29BB2361E4377F80020F5B6 /* CoreDataAttribute.swift */,
				E24F44A51E4595B900F78819 /* CoreDataRelationship.swift */,
				E2C02A0D1E4C99AD001B2871 /* ObjectToRecordConverter.swift */,
				E2075FFE1E4BCD7E00E31F1F /* ObjectToRecordOperation.swift */,
			);
			path = ObjectToRecord;
			sourceTree = "<group>";
		};
		E28F0B9C1E67244A00BF532A /* Extensions */ = {
			isa = PBXGroup;
			children = (
				E28F0BA01E6725E700BF532A /* NSEntityDescriptionTests.swift */,
				E24F44A81E459E3E00F78819 /* NSManagedObjectTests.swift */,
			);
			path = Extensions;
			sourceTree = "<group>";
		};
		E29BB21F1E433FDA0020F5B6 /* Extensions */ = {
			isa = PBXGroup;
			children = (
				5763BF8D280B430C00B2CCCD /* NSManagedContainer.swift */,
				5763BF8E280B430C00B2CCCD /* UIViewController+CloudKit.swift */,
				D985DEAD1FE034A900236870 /* NSManagedObjectModel.swift */,
				E2D390071E4A49350019BBCD /* NSEntityDescription.swift */,
				E29BB2221E4346FF0020F5B6 /* NSManagedObject.swift */,
			);
			path = Extensions;
			sourceTree = "<group>";
		};
		E29BB2291E436F310020F5B6 /* Tests */ = {
			isa = PBXGroup;
			children = (
				D90811681FE2BE3A00898F24 /* CloudCoreTests */,
				D9B3C7371FCF0C9200CDB7FF /* Shared */,
				D9B3C7161FCEF39300CDB7FF /* CloudKitTests */,
			);
			path = Tests;
			sourceTree = "<group>";
		};
		E29D11771E69808800E3DCBF /* Push */ = {
			isa = PBXGroup;
			children = (
				E29D11781E69810F00E3DCBF /* ObjectToRecord */,
			);
			path = Push;
			sourceTree = "<group>";
		};
		E29D11781E69810F00E3DCBF /* ObjectToRecord */ = {
			isa = PBXGroup;
			children = (
				E29D11791E69813F00E3DCBF /* CoreDataAttributeTests.swift */,
				E29D117B1E69A44C00E3DCBF /* CoreDataRelationshipTests.swift */,
				E2A3F9441E69B6EC007A65EB /* ObjectToRecordOperationTests.swift */,
			);
			path = ObjectToRecord;
			sourceTree = "<group>";
		};
		E2C02A171E4CDEDA001B2871 /* SubOperations */ = {
			isa = PBXGroup;
			children = (
				E2C02A181E4CDEF1001B2871 /* DeleteFromCoreDataOperation.swift */,
				E2C02A131E4CC2A5001B2871 /* FetchRecordZoneChangesOperation.swift */,
				E21FA03D1E4A7E7200B1DAA2 /* RecordToCoreDataOperation.swift */,
				D985DE9C1FDFF9D400236870 /* PurgeLocalDatabaseOperation.swift */,
			);
			path = SubOperations;
			sourceTree = "<group>";
		};
		E2D507961E464FEA0038B6F8 /* Enum */ = {
			isa = PBXGroup;
			children = (
				E29BB21B1E43381D0020F5B6 /* CloudCoreError.swift */,
				57505AAF21A7591500D9CF8F /* PullResult.swift */,
				D97465F91FE31A650060EA66 /* Module.swift */,
			);
			path = Enum;
			sourceTree = "<group>";
		};
		E2E296C81E49DA0100E7D6ED /* Model */ = {
			isa = PBXGroup;
			children = (
				E29BB2201E4344E80020F5B6 /* CKRecord.swift */,
				E29BB2191E4334590020F5B6 /* CloudCoreConfig.swift */,
				E22A53D91E4A8743009286C0 /* CloudKitAttribute.swift */,
				E2EE20061E4E6DCE0060F769 /* ServiceAttributeName.swift */,
				E2E296C91E49DA0800E7D6ED /* Tokens.swift */,
			);
			path = Model;
			sourceTree = "<group>";
		};
		E2FA74461E769D8700C3489D /* Model */ = {
			isa = PBXGroup;
			children = (
				E2FA74471E769D9400C3489D /* RecordIDWithDatabase.swift */,
				E2FA74431E769BF900C3489D /* RecordWithDatabase.swift */,
			);
			path = Model;
			sourceTree = "<group>";
		};
		E2FA744B1E76B7AC00C3489D /* Resources */ = {
			isa = PBXGroup;
			children = (
				D5C6298B1C3A8BBD007F7B7C /* Info.plist */,
			);
			path = Resources;
			sourceTree = "<group>";
		};
/* End PBXGroup section */

/* Begin PBXHeadersBuildPhase section */
		D5B2E89C1C3A780C00C0327D /* Headers */ = {
			isa = PBXHeadersBuildPhase;
			buildActionMask = 2147483647;
			files = (
			);
			runOnlyForDeploymentPostprocessing = 0;
		};
/* End PBXHeadersBuildPhase section */

/* Begin PBXNativeTarget section */
		D5B2E89E1C3A780C00C0327D /* CloudCore */ = {
			isa = PBXNativeTarget;
			buildConfigurationList = D5B2E8B31C3A780C00C0327D /* Build configuration list for PBXNativeTarget "CloudCore" */;
			buildPhases = (
				D5B2E89A1C3A780C00C0327D /* Sources */,
				D5B2E89B1C3A780C00C0327D /* Frameworks */,
				D5B2E89C1C3A780C00C0327D /* Headers */,
				D5B2E89D1C3A780C00C0327D /* Resources */,
			);
			buildRules = (
			);
			dependencies = (
			);
			name = CloudCore;
			productName = CloudCore;
			productReference = D5B2E89F1C3A780C00C0327D /* CloudCore.framework */;
			productType = "com.apple.product-type.framework";
		};
		D9B3C6F21FCEF38D00CDB7FF /* TestableApp */ = {
			isa = PBXNativeTarget;
			buildConfigurationList = D9B3C7101FCEF38D00CDB7FF /* Build configuration list for PBXNativeTarget "TestableApp" */;
			buildPhases = (
				D9B3C6EF1FCEF38D00CDB7FF /* Sources */,
				D9B3C6F01FCEF38D00CDB7FF /* Frameworks */,
				D9B3C6F11FCEF38D00CDB7FF /* Resources */,
			);
			buildRules = (
			);
			dependencies = (
			);
			name = TestableApp;
			productName = TestableApp;
			productReference = D9B3C6F31FCEF38D00CDB7FF /* TestableApp.app */;
			productType = "com.apple.product-type.application";
		};
		D9B3C71B1FCEF96D00CDB7FF /* CloudKitTests */ = {
			isa = PBXNativeTarget;
			buildConfigurationList = D9B3C7231FCEF96D00CDB7FF /* Build configuration list for PBXNativeTarget "CloudKitTests" */;
			buildPhases = (
				D9B3C7181FCEF96D00CDB7FF /* Sources */,
				D9B3C7191FCEF96D00CDB7FF /* Frameworks */,
				D9B3C71A1FCEF96D00CDB7FF /* Resources */,
			);
			buildRules = (
			);
			dependencies = (
				D9B3C7221FCEF96D00CDB7FF /* PBXTargetDependency */,
			);
			name = CloudKitTests;
			productName = CloudKitTests;
			productReference = D9B3C71C1FCEF96D00CDB7FF /* CloudKitTests.xctest */;
			productType = "com.apple.product-type.bundle.unit-test";
		};
		E29BB2271E436F310020F5B6 /* CloudCoreTests */ = {
			isa = PBXNativeTarget;
			buildConfigurationList = E29BB2301E436F310020F5B6 /* Build configuration list for PBXNativeTarget "CloudCoreTests" */;
			buildPhases = (
				E29BB2241E436F310020F5B6 /* Sources */,
				E29BB2251E436F310020F5B6 /* Frameworks */,
				E29BB2261E436F310020F5B6 /* Resources */,
			);
			buildRules = (
			);
			dependencies = (
				E29BB22F1E436F310020F5B6 /* PBXTargetDependency */,
			);
			name = CloudCoreTests;
			productName = "CloudCoreTests-iOS";
			productReference = E29BB2281E436F310020F5B6 /* CloudCoreTests.xctest */;
			productType = "com.apple.product-type.bundle.unit-test";
		};
/* End PBXNativeTarget section */

/* Begin PBXProject section */
		D5B2E8961C3A780C00C0327D /* Project object */ = {
			isa = PBXProject;
			attributes = {
				LastSwiftUpdateCheck = 0910;
				LastUpgradeCheck = 1330;
				ORGANIZATIONNAME = "Vasily Ulianov";
				TargetAttributes = {
					D5B2E89E1C3A780C00C0327D = {
						CreatedOnToolsVersion = 7.2;
						LastSwiftMigration = 0900;
						ProvisioningStyle = Automatic;
					};
					D9B3C6F21FCEF38D00CDB7FF = {
						CreatedOnToolsVersion = 9.1;
						LastSwiftMigration = 1010;
						ProvisioningStyle = Automatic;
						SystemCapabilities = {
							com.apple.Push = {
								enabled = 1;
							};
							com.apple.iCloud = {
								enabled = 1;
							};
						};
					};
					D9B3C71B1FCEF96D00CDB7FF = {
						CreatedOnToolsVersion = 9.1;
						DevelopmentTeam = 7X2PJ6H6YM;
						LastSwiftMigration = 1010;
						ProvisioningStyle = Automatic;
						TestTargetID = D9B3C6F21FCEF38D00CDB7FF;
					};
					E29BB2271E436F310020F5B6 = {
						CreatedOnToolsVersion = 8.2.1;
						LastSwiftMigration = 1030;
						ProvisioningStyle = Automatic;
					};
				};
			};
			buildConfigurationList = D5B2E8991C3A780C00C0327D /* Build configuration list for PBXProject "CloudCore" */;
			compatibilityVersion = "Xcode 3.2";
			developmentRegion = en;
			hasScannedForEncodings = 0;
			knownRegions = (
				en,
				Base,
			);
			mainGroup = D5B2E8951C3A780C00C0327D;
			productRefGroup = D5B2E8A01C3A780C00C0327D /* Products */;
			projectDirPath = "";
			projectRoot = "";
			targets = (
				D5B2E89E1C3A780C00C0327D /* CloudCore */,
				E29BB2271E436F310020F5B6 /* CloudCoreTests */,
				D9B3C6F21FCEF38D00CDB7FF /* TestableApp */,
				D9B3C71B1FCEF96D00CDB7FF /* CloudKitTests */,
			);
		};
/* End PBXProject section */

/* Begin PBXResourcesBuildPhase section */
		D5B2E89D1C3A780C00C0327D /* Resources */ = {
			isa = PBXResourcesBuildPhase;
			buildActionMask = 2147483647;
			files = (
			);
			runOnlyForDeploymentPostprocessing = 0;
		};
		D9B3C6F11FCEF38D00CDB7FF /* Resources */ = {
			isa = PBXResourcesBuildPhase;
			buildActionMask = 2147483647;
			files = (
				D9B3C7031FCEF38D00CDB7FF /* LaunchScreen.storyboard in Resources */,
				D9B3C7001FCEF38D00CDB7FF /* Assets.xcassets in Resources */,
				D9B3C6FB1FCEF38D00CDB7FF /* Main.storyboard in Resources */,
			);
			runOnlyForDeploymentPostprocessing = 0;
		};
		D9B3C71A1FCEF96D00CDB7FF /* Resources */ = {
			isa = PBXResourcesBuildPhase;
			buildActionMask = 2147483647;
			files = (
			);
			runOnlyForDeploymentPostprocessing = 0;
		};
		E29BB2261E436F310020F5B6 /* Resources */ = {
			isa = PBXResourcesBuildPhase;
			buildActionMask = 2147483647;
			files = (
			);
			runOnlyForDeploymentPostprocessing = 0;
		};
/* End PBXResourcesBuildPhase section */

/* Begin PBXSourcesBuildPhase section */
		D5B2E89A1C3A780C00C0327D /* Sources */ = {
			isa = PBXSourcesBuildPhase;
			buildActionMask = 2147483647;
			files = (
				5763BF8F280B430C00B2CCCD /* NSManagedContainer.swift in Sources */,
				E21FA03E1E4A7E7200B1DAA2 /* RecordToCoreDataOperation.swift in Sources */,
				D97465F81FE319930060EA66 /* CloudCoreDelegate.swift in Sources */,
				E2E4D8411E76D5A600550CBE /* PullOperation.swift in Sources */,
				E2C02A141E4CC2A5001B2871 /* FetchRecordZoneChangesOperation.swift in Sources */,
				5763BF7E280B427900B2CCCD /* CloudCoreSharingController.swift in Sources */,
				E2C02A191E4CDEF1001B2871 /* DeleteFromCoreDataOperation.swift in Sources */,
				570D8D23280631F900E6836A /* DeleteCloudCoreZoneOperation.swift in Sources */,
				E29BB21A1E4334590020F5B6 /* CloudCoreConfig.swift in Sources */,
				E2EE20071E4E6DCE0060F769 /* ServiceAttributeName.swift in Sources */,
				5763BF7F280B427900B2CCCD /* CloudCoreSharing.swift in Sources */,
				D985DEAE1FE034A900236870 /* NSManagedObjectModel.swift in Sources */,
				E23C478C1E48A404004310F9 /* PushOperationQueue.swift in Sources */,
				5763BF90280B430C00B2CCCD /* UIViewController+CloudKit.swift in Sources */,
				E2FA74441E769BF900C3489D /* RecordWithDatabase.swift in Sources */,
				E22C40461E42956C009469A1 /* CoreDataObserver.swift in Sources */,
				E2075FF91E4BBEAC00E31F1F /* AsynchronousOperation.swift in Sources */,
				E24F44A61E4595B900F78819 /* CoreDataRelationship.swift in Sources */,
				D9089D4A1FE14E57000FC60C /* SetupOperation.swift in Sources */,
				D97465FA1FE31A650060EA66 /* Module.swift in Sources */,
				57505AB021A7591500D9CF8F /* PullResult.swift in Sources */,
				5763BFA1280B490200B2CCCD /* CloudCoreCacheable.swift in Sources */,
				575ADF472655AB7C0050D693 /* PullChangesOperation.swift in Sources */,
				E29BB2371E4377F80020F5B6 /* CoreDataAttribute.swift in Sources */,
				E2E296CA1E49DA0800E7D6ED /* Tokens.swift in Sources */,
				575ADF462655AB7C0050D693 /* PullRecordOperation.swift in Sources */,
				E2075FFF1E4BCD7E00E31F1F /* ObjectToRecordOperation.swift in Sources */,
				D985DEA41FE026D400236870 /* CreateCloudCoreZoneOperation.swift in Sources */,
				5763BFA0280B490200B2CCCD /* CloudCoreCacheManager.swift in Sources */,
				D985DEAB1FE0335800236870 /* PushAllLocalDataOperation.swift in Sources */,
				5763BFA2280B490200B2CCCD /* UploadOperation.swift in Sources */,
				5763BF8C280B42F400B2CCCD /* CloudCoreType.swift in Sources */,
				E2C02A0E1E4C99AD001B2871 /* ObjectToRecordConverter.swift in Sources */,
				D985DE9D1FDFF9D400236870 /* PurgeLocalDatabaseOperation.swift in Sources */,
				E2FA74481E769D9400C3489D /* RecordIDWithDatabase.swift in Sources */,
				5763BF9F280B490200B2CCCD /* DownloadOperation.swift in Sources */,
				E29BB2211E4344E80020F5B6 /* CKRecord.swift in Sources */,
				E2D390081E4A49350019BBCD /* NSEntityDescription.swift in Sources */,
				5763BF8B280B42F400B2CCCD /* CloudKitSharing.swift in Sources */,
				E29BB2231E4346FF0020F5B6 /* NSManagedObject.swift in Sources */,
				E200D44D1E48E13200B707D4 /* CloudCore.swift in Sources */,
				D985DEA81FE0292000236870 /* SubscribeOperation.swift in Sources */,
				E29BB21C1E43381D0020F5B6 /* CloudCoreError.swift in Sources */,
				E22A53DA1E4A8743009286C0 /* CloudKitAttribute.swift in Sources */,
			);
			runOnlyForDeploymentPostprocessing = 0;
		};
		D9B3C6EF1FCEF38D00CDB7FF /* Sources */ = {
			isa = PBXSourcesBuildPhase;
			buildActionMask = 2147483647;
			files = (
				D9B3C6F81FCEF38D00CDB7FF /* ViewController.swift in Sources */,
				D9B3C6F61FCEF38D00CDB7FF /* AppDelegate.swift in Sources */,
				D9B3C6FE1FCEF38D00CDB7FF /* TestableApp.xcdatamodeld in Sources */,
			);
			runOnlyForDeploymentPostprocessing = 0;
		};
		D9B3C7181FCEF96D00CDB7FF /* Sources */ = {
			isa = PBXSourcesBuildPhase;
			buildActionMask = 2147483647;
			files = (
				D9B3C71F1FCEF96D00CDB7FF /* CloudKitTests.swift in Sources */,
				D9B3C72E1FCEFB4D00CDB7FF /* CoreDataTestCase.swift in Sources */,
				D9B3C72D1FCEFB4300CDB7FF /* model.xcdatamodeld in Sources */,
				D9B3C73D1FCF0D2700CDB7FF /* CorrectObjectExtension.swift in Sources */,
				D9B3C7361FCF02F000CDB7FF /* Helpers.swift in Sources */,
				D9B3C72F1FCEFB5100CDB7FF /* CorrectObject.swift in Sources */,
			);
			runOnlyForDeploymentPostprocessing = 0;
		};
		E29BB2241E436F310020F5B6 /* Sources */ = {
			isa = PBXSourcesBuildPhase;
			buildActionMask = 2147483647;
			files = (
				D9B3C73A1FCF0CA900CDB7FF /* CoreDataTestCase.swift in Sources */,
				E28F0BA31E67280100BF532A /* NSManagedObjectTests.swift in Sources */,
				E28F0BA21E67260900BF532A /* NSEntityDescriptionTests.swift in Sources */,
				E2A3F9451E69B6EC007A65EB /* ObjectToRecordOperationTests.swift in Sources */,
				E20A73CC1E68608100A6851A /* RecordToCoreDataOperationTests.swift in Sources */,
				E29D117A1E69813F00E3DCBF /* CoreDataAttributeTests.swift in Sources */,
				E28F0B931E671E7400BF532A /* CKRecordTests.swift in Sources */,
				E29BB2351E436F720020F5B6 /* model.xcdatamodeld in Sources */,
				E247EF971E67873E00EBD75E /* DeleteFromCoreDataOperationTests.swift in Sources */,
				E29D117D1E69A47700E3DCBF /* CoreDataRelationshipTests.swift in Sources */,
				D9B3C7391FCF0C9E00CDB7FF /* CorrectObject.swift in Sources */,
				E247EF9A1E678EAC00EBD75E /* CustomFunctions.swift in Sources */,
			);
			runOnlyForDeploymentPostprocessing = 0;
		};
/* End PBXSourcesBuildPhase section */

/* Begin PBXTargetDependency section */
		D9B3C7221FCEF96D00CDB7FF /* PBXTargetDependency */ = {
			isa = PBXTargetDependency;
			target = D9B3C6F21FCEF38D00CDB7FF /* TestableApp */;
			targetProxy = D9B3C7211FCEF96D00CDB7FF /* PBXContainerItemProxy */;
		};
		E29BB22F1E436F310020F5B6 /* PBXTargetDependency */ = {
			isa = PBXTargetDependency;
			target = D5B2E89E1C3A780C00C0327D /* CloudCore */;
			targetProxy = E29BB22E1E436F310020F5B6 /* PBXContainerItemProxy */;
		};
/* End PBXTargetDependency section */

/* Begin PBXVariantGroup section */
		D9B3C6F91FCEF38D00CDB7FF /* Main.storyboard */ = {
			isa = PBXVariantGroup;
			children = (
				D9B3C6FA1FCEF38D00CDB7FF /* Base */,
			);
			name = Main.storyboard;
			sourceTree = "<group>";
		};
		D9B3C7011FCEF38D00CDB7FF /* LaunchScreen.storyboard */ = {
			isa = PBXVariantGroup;
			children = (
				D9B3C7021FCEF38D00CDB7FF /* Base */,
			);
			name = LaunchScreen.storyboard;
			sourceTree = "<group>";
		};
/* End PBXVariantGroup section */

/* Begin XCBuildConfiguration section */
		D5B2E8B11C3A780C00C0327D /* Debug */ = {
			isa = XCBuildConfiguration;
			buildSettings = {
				ALWAYS_SEARCH_USER_PATHS = NO;
				CLANG_CXX_LANGUAGE_STANDARD = "gnu++0x";
				CLANG_CXX_LIBRARY = "libc++";
				CLANG_ENABLE_MODULES = YES;
				CLANG_ENABLE_OBJC_ARC = YES;
				CLANG_WARN_BLOCK_CAPTURE_AUTORELEASING = YES;
				CLANG_WARN_BOOL_CONVERSION = YES;
				CLANG_WARN_COMMA = YES;
				CLANG_WARN_CONSTANT_CONVERSION = YES;
				CLANG_WARN_DEPRECATED_OBJC_IMPLEMENTATIONS = YES;
				CLANG_WARN_DIRECT_OBJC_ISA_USAGE = YES_ERROR;
				CLANG_WARN_EMPTY_BODY = YES;
				CLANG_WARN_ENUM_CONVERSION = YES;
				CLANG_WARN_INFINITE_RECURSION = YES;
				CLANG_WARN_INT_CONVERSION = YES;
				CLANG_WARN_NON_LITERAL_NULL_CONVERSION = YES;
				CLANG_WARN_OBJC_IMPLICIT_RETAIN_SELF = YES;
				CLANG_WARN_OBJC_LITERAL_CONVERSION = YES;
				CLANG_WARN_OBJC_ROOT_CLASS = YES_ERROR;
				CLANG_WARN_QUOTED_INCLUDE_IN_FRAMEWORK_HEADER = YES;
				CLANG_WARN_RANGE_LOOP_ANALYSIS = YES;
				CLANG_WARN_STRICT_PROTOTYPES = YES;
				CLANG_WARN_SUSPICIOUS_MOVE = YES;
				CLANG_WARN_UNREACHABLE_CODE = YES;
				CLANG_WARN__DUPLICATE_METHOD_MATCH = YES;
				"CODE_SIGN_IDENTITY[sdk=iphoneos*]" = "iPhone Developer";
				COPY_PHASE_STRIP = NO;
				CURRENT_PROJECT_VERSION = 1;
				DEBUG_INFORMATION_FORMAT = dwarf;
				ENABLE_STRICT_OBJC_MSGSEND = YES;
				ENABLE_TESTABILITY = YES;
				GCC_C_LANGUAGE_STANDARD = gnu99;
				GCC_DYNAMIC_NO_PIC = NO;
				GCC_NO_COMMON_BLOCKS = YES;
				GCC_OPTIMIZATION_LEVEL = 0;
				GCC_PREPROCESSOR_DEFINITIONS = (
					"DEBUG=1",
					"$(inherited)",
				);
				GCC_WARN_64_TO_32_BIT_CONVERSION = YES;
				GCC_WARN_ABOUT_RETURN_TYPE = YES_ERROR;
				GCC_WARN_UNDECLARED_SELECTOR = YES;
				GCC_WARN_UNINITIALIZED_AUTOS = YES_AGGRESSIVE;
				GCC_WARN_UNUSED_FUNCTION = YES;
				GCC_WARN_UNUSED_VARIABLE = YES;
				IPHONEOS_DEPLOYMENT_TARGET = 13.0;
				MACOSX_DEPLOYMENT_TARGET = 11.0;
				MTL_ENABLE_DEBUG_INFO = YES;
				ONLY_ACTIVE_ARCH = YES;
				SUPPORTED_PLATFORMS = "macosx watchsimulator watchos appletvsimulator appletvos iphonesimulator iphoneos";
				SWIFT_OPTIMIZATION_LEVEL = "-Onone";
				SWIFT_VERSION = 3.0;
				TARGETED_DEVICE_FAMILY = "1,2,3,4";
				TVOS_DEPLOYMENT_TARGET = 12.0;
				VERSIONING_SYSTEM = "apple-generic";
				VERSION_INFO_PREFIX = "";
				WATCHOS_DEPLOYMENT_TARGET = 6.0;
			};
			name = Debug;
		};
		D5B2E8B21C3A780C00C0327D /* Release */ = {
			isa = XCBuildConfiguration;
			buildSettings = {
				ALWAYS_SEARCH_USER_PATHS = NO;
				CLANG_CXX_LANGUAGE_STANDARD = "gnu++0x";
				CLANG_CXX_LIBRARY = "libc++";
				CLANG_ENABLE_MODULES = YES;
				CLANG_ENABLE_OBJC_ARC = YES;
				CLANG_WARN_BLOCK_CAPTURE_AUTORELEASING = YES;
				CLANG_WARN_BOOL_CONVERSION = YES;
				CLANG_WARN_COMMA = YES;
				CLANG_WARN_CONSTANT_CONVERSION = YES;
				CLANG_WARN_DEPRECATED_OBJC_IMPLEMENTATIONS = YES;
				CLANG_WARN_DIRECT_OBJC_ISA_USAGE = YES_ERROR;
				CLANG_WARN_EMPTY_BODY = YES;
				CLANG_WARN_ENUM_CONVERSION = YES;
				CLANG_WARN_INFINITE_RECURSION = YES;
				CLANG_WARN_INT_CONVERSION = YES;
				CLANG_WARN_NON_LITERAL_NULL_CONVERSION = YES;
				CLANG_WARN_OBJC_IMPLICIT_RETAIN_SELF = YES;
				CLANG_WARN_OBJC_LITERAL_CONVERSION = YES;
				CLANG_WARN_OBJC_ROOT_CLASS = YES_ERROR;
				CLANG_WARN_QUOTED_INCLUDE_IN_FRAMEWORK_HEADER = YES;
				CLANG_WARN_RANGE_LOOP_ANALYSIS = YES;
				CLANG_WARN_STRICT_PROTOTYPES = YES;
				CLANG_WARN_SUSPICIOUS_MOVE = YES;
				CLANG_WARN_UNREACHABLE_CODE = YES;
				CLANG_WARN__DUPLICATE_METHOD_MATCH = YES;
				"CODE_SIGN_IDENTITY[sdk=iphoneos*]" = "iPhone Developer";
				COPY_PHASE_STRIP = NO;
				CURRENT_PROJECT_VERSION = 1;
				DEBUG_INFORMATION_FORMAT = "dwarf-with-dsym";
				ENABLE_NS_ASSERTIONS = NO;
				ENABLE_STRICT_OBJC_MSGSEND = YES;
				GCC_C_LANGUAGE_STANDARD = gnu99;
				GCC_NO_COMMON_BLOCKS = YES;
				GCC_WARN_64_TO_32_BIT_CONVERSION = YES;
				GCC_WARN_ABOUT_RETURN_TYPE = YES_ERROR;
				GCC_WARN_UNDECLARED_SELECTOR = YES;
				GCC_WARN_UNINITIALIZED_AUTOS = YES_AGGRESSIVE;
				GCC_WARN_UNUSED_FUNCTION = YES;
				GCC_WARN_UNUSED_VARIABLE = YES;
				IPHONEOS_DEPLOYMENT_TARGET = 13.0;
				MACOSX_DEPLOYMENT_TARGET = 11.0;
				MTL_ENABLE_DEBUG_INFO = NO;
				SUPPORTED_PLATFORMS = "macosx watchsimulator watchos appletvsimulator appletvos iphonesimulator iphoneos";
				SWIFT_OPTIMIZATION_LEVEL = "-Owholemodule";
				SWIFT_VERSION = 3.0;
				TARGETED_DEVICE_FAMILY = "1,2,3,4";
				TVOS_DEPLOYMENT_TARGET = 12.0;
				VALIDATE_PRODUCT = YES;
				VERSIONING_SYSTEM = "apple-generic";
				VERSION_INFO_PREFIX = "";
				WATCHOS_DEPLOYMENT_TARGET = 6.0;
			};
			name = Release;
		};
		D5B2E8B41C3A780C00C0327D /* Debug */ = {
			isa = XCBuildConfiguration;
			buildSettings = {
				APPLICATION_EXTENSION_API_ONLY = YES;
				CLANG_ENABLE_MODULES = YES;
				"CODE_SIGN_IDENTITY[sdk=iphoneos*]" = "";
				DEFINES_MODULE = YES;
				DEVELOPMENT_TEAM = "";
				DYLIB_COMPATIBILITY_VERSION = 1;
				DYLIB_CURRENT_VERSION = 1;
				DYLIB_INSTALL_NAME_BASE = "@rpath";
				INFOPLIST_FILE = "$(SRCROOT)/Source/Resources/Info.plist";
				INSTALL_PATH = "$(LOCAL_LIBRARY_DIR)/Frameworks";
				LD_RUNPATH_SEARCH_PATHS = "$(inherited) @executable_path/Frameworks @loader_path/Frameworks";
				PRODUCT_BUNDLE_IDENTIFIER = uvasily.CloudCore;
				PRODUCT_NAME = CloudCore;
				PROVISIONING_PROFILE_SPECIFIER = "";
				SKIP_INSTALL = YES;
				SWIFT_OPTIMIZATION_LEVEL = "-Onone";
				SWIFT_SWIFT3_OBJC_INFERENCE = Off;
				SWIFT_VERSION = 5.0;
			};
			name = Debug;
		};
		D5B2E8B51C3A780C00C0327D /* Release */ = {
			isa = XCBuildConfiguration;
			buildSettings = {
				APPLICATION_EXTENSION_API_ONLY = YES;
				CLANG_ENABLE_MODULES = YES;
				"CODE_SIGN_IDENTITY[sdk=iphoneos*]" = "";
				DEFINES_MODULE = YES;
				DEVELOPMENT_TEAM = "";
				DYLIB_COMPATIBILITY_VERSION = 1;
				DYLIB_CURRENT_VERSION = 1;
				DYLIB_INSTALL_NAME_BASE = "@rpath";
				INFOPLIST_FILE = "$(SRCROOT)/Source/Resources/Info.plist";
				INSTALL_PATH = "$(LOCAL_LIBRARY_DIR)/Frameworks";
				LD_RUNPATH_SEARCH_PATHS = "$(inherited) @executable_path/Frameworks @loader_path/Frameworks";
				PRODUCT_BUNDLE_IDENTIFIER = uvasily.CloudCore;
				PRODUCT_NAME = CloudCore;
				PROVISIONING_PROFILE_SPECIFIER = "";
				SKIP_INSTALL = YES;
				SWIFT_SWIFT3_OBJC_INFERENCE = Off;
				SWIFT_VERSION = 5.0;
			};
			name = Release;
		};
		D9B3C7111FCEF38D00CDB7FF /* Debug */ = {
			isa = XCBuildConfiguration;
			buildSettings = {
				ASSETCATALOG_COMPILER_APPICON_NAME = AppIcon;
				CLANG_ANALYZER_NONNULL = YES;
				CLANG_ANALYZER_NUMBER_OBJECT_CONVERSION = YES_AGGRESSIVE;
				CLANG_CXX_LANGUAGE_STANDARD = "gnu++14";
				CLANG_WARN_DOCUMENTATION_COMMENTS = YES;
				CLANG_WARN_UNGUARDED_AVAILABILITY = YES_AGGRESSIVE;
				CODE_SIGN_ENTITLEMENTS = Tests/CloudKitTests/App/TestableApp.entitlements;
				CODE_SIGN_IDENTITY = "iPhone Developer";
				CODE_SIGN_STYLE = Automatic;
				DEVELOPMENT_TEAM = "";
				GCC_C_LANGUAGE_STANDARD = gnu11;
				GCC_SYMBOLS_PRIVATE_EXTERN = NO;
				INFOPLIST_FILE = Tests/CloudKitTests/App/Info.plist;
				LD_RUNPATH_SEARCH_PATHS = "$(inherited) @executable_path/Frameworks";
				PRODUCT_NAME = "$(TARGET_NAME)";
				SWIFT_ACTIVE_COMPILATION_CONDITIONS = DEBUG;
				SWIFT_VERSION = 4.2;
				TARGETED_DEVICE_FAMILY = "1,2";
			};
			name = Debug;
		};
		D9B3C7121FCEF38D00CDB7FF /* Release */ = {
			isa = XCBuildConfiguration;
			buildSettings = {
				ASSETCATALOG_COMPILER_APPICON_NAME = AppIcon;
				CLANG_ANALYZER_NONNULL = YES;
				CLANG_ANALYZER_NUMBER_OBJECT_CONVERSION = YES_AGGRESSIVE;
				CLANG_CXX_LANGUAGE_STANDARD = "gnu++14";
				CLANG_WARN_DOCUMENTATION_COMMENTS = YES;
				CLANG_WARN_UNGUARDED_AVAILABILITY = YES_AGGRESSIVE;
				CODE_SIGN_ENTITLEMENTS = Tests/CloudKitTests/App/TestableApp.entitlements;
				CODE_SIGN_IDENTITY = "iPhone Developer";
				CODE_SIGN_STYLE = Automatic;
				DEVELOPMENT_TEAM = "";
				GCC_C_LANGUAGE_STANDARD = gnu11;
				GCC_SYMBOLS_PRIVATE_EXTERN = NO;
				INFOPLIST_FILE = Tests/CloudKitTests/App/Info.plist;
				LD_RUNPATH_SEARCH_PATHS = "$(inherited) @executable_path/Frameworks";
				PRODUCT_NAME = "$(TARGET_NAME)";
				SWIFT_VERSION = 4.2;
				TARGETED_DEVICE_FAMILY = "1,2";
			};
			name = Release;
		};
		D9B3C7241FCEF96D00CDB7FF /* Debug */ = {
			isa = XCBuildConfiguration;
			buildSettings = {
				BUNDLE_LOADER = "$(TEST_HOST)";
				CLANG_ANALYZER_NONNULL = YES;
				CLANG_ANALYZER_NUMBER_OBJECT_CONVERSION = YES_AGGRESSIVE;
				CLANG_CXX_LANGUAGE_STANDARD = "gnu++14";
				CLANG_WARN_DOCUMENTATION_COMMENTS = YES;
				CLANG_WARN_UNGUARDED_AVAILABILITY = YES_AGGRESSIVE;
				CODE_SIGN_IDENTITY = "iPhone Developer";
				CODE_SIGN_STYLE = Automatic;
				DEVELOPMENT_TEAM = 7X2PJ6H6YM;
				GCC_C_LANGUAGE_STANDARD = gnu11;
				INFOPLIST_FILE = Tests/CloudKitTests/Resources/Info.plist;
				LD_RUNPATH_SEARCH_PATHS = "$(inherited) @executable_path/Frameworks @loader_path/Frameworks";
				PRODUCT_BUNDLE_IDENTIFIER = cloudtests.CloudKitTests;
				PRODUCT_NAME = "$(TARGET_NAME)";
				SWIFT_ACTIVE_COMPILATION_CONDITIONS = DEBUG;
				SWIFT_VERSION = 4.2;
				TARGETED_DEVICE_FAMILY = "1,2";
				TEST_HOST = "$(BUILT_PRODUCTS_DIR)/TestableApp.app/TestableApp";
			};
			name = Debug;
		};
		D9B3C7251FCEF96D00CDB7FF /* Release */ = {
			isa = XCBuildConfiguration;
			buildSettings = {
				BUNDLE_LOADER = "$(TEST_HOST)";
				CLANG_ANALYZER_NONNULL = YES;
				CLANG_ANALYZER_NUMBER_OBJECT_CONVERSION = YES_AGGRESSIVE;
				CLANG_CXX_LANGUAGE_STANDARD = "gnu++14";
				CLANG_WARN_DOCUMENTATION_COMMENTS = YES;
				CLANG_WARN_UNGUARDED_AVAILABILITY = YES_AGGRESSIVE;
				CODE_SIGN_IDENTITY = "iPhone Developer";
				CODE_SIGN_STYLE = Automatic;
				DEVELOPMENT_TEAM = 7X2PJ6H6YM;
				GCC_C_LANGUAGE_STANDARD = gnu11;
				INFOPLIST_FILE = Tests/CloudKitTests/Resources/Info.plist;
				LD_RUNPATH_SEARCH_PATHS = "$(inherited) @executable_path/Frameworks @loader_path/Frameworks";
				PRODUCT_BUNDLE_IDENTIFIER = cloudtests.CloudKitTests;
				PRODUCT_NAME = "$(TARGET_NAME)";
				SWIFT_VERSION = 4.2;
				TARGETED_DEVICE_FAMILY = "1,2";
				TEST_HOST = "$(BUILT_PRODUCTS_DIR)/TestableApp.app/TestableApp";
			};
			name = Release;
		};
		E29BB2311E436F310020F5B6 /* Debug */ = {
			isa = XCBuildConfiguration;
			buildSettings = {
				CLANG_ANALYZER_NONNULL = YES;
				CLANG_WARN_DOCUMENTATION_COMMENTS = YES;
				CODE_SIGN_IDENTITY = "";
				"CODE_SIGN_IDENTITY[sdk=iphoneos*]" = "";
				DEVELOPMENT_TEAM = "";
				INFOPLIST_FILE = Tests/CloudCoreTests/Info.plist;
				LD_RUNPATH_SEARCH_PATHS = "$(inherited) @executable_path/Frameworks @loader_path/Frameworks";
				"LD_RUNPATH_SEARCH_PATHS[sdk=macosx*]" = "@executable_path/../Frameworks @loader_path/../Frameworks";
				PRODUCT_BUNDLE_IDENTIFIER = uvasily.CloudCoreTests;
				PRODUCT_NAME = "$(TARGET_NAME)";
				PROVISIONING_PROFILE_SPECIFIER = "";
				SWIFT_ACTIVE_COMPILATION_CONDITIONS = DEBUG;
				SWIFT_VERSION = 5.0;
			};
			name = Debug;
		};
		E29BB2321E436F310020F5B6 /* Release */ = {
			isa = XCBuildConfiguration;
			buildSettings = {
				CLANG_ANALYZER_NONNULL = YES;
				CLANG_WARN_DOCUMENTATION_COMMENTS = YES;
				CODE_SIGN_IDENTITY = "";
				DEVELOPMENT_TEAM = "";
				INFOPLIST_FILE = Tests/CloudCoreTests/Info.plist;
				LD_RUNPATH_SEARCH_PATHS = "$(inherited) @executable_path/Frameworks @loader_path/Frameworks";
				"LD_RUNPATH_SEARCH_PATHS[sdk=macosx*]" = "@executable_path/../Frameworks @loader_path/../Frameworks";
				PRODUCT_BUNDLE_IDENTIFIER = uvasily.CloudCoreTests;
				PRODUCT_NAME = "$(TARGET_NAME)";
				PROVISIONING_PROFILE_SPECIFIER = "";
				SWIFT_VERSION = 5.0;
			};
			name = Release;
		};
/* End XCBuildConfiguration section */

/* Begin XCConfigurationList section */
		D5B2E8991C3A780C00C0327D /* Build configuration list for PBXProject "CloudCore" */ = {
			isa = XCConfigurationList;
			buildConfigurations = (
				D5B2E8B11C3A780C00C0327D /* Debug */,
				D5B2E8B21C3A780C00C0327D /* Release */,
			);
			defaultConfigurationIsVisible = 0;
			defaultConfigurationName = Release;
		};
		D5B2E8B31C3A780C00C0327D /* Build configuration list for PBXNativeTarget "CloudCore" */ = {
			isa = XCConfigurationList;
			buildConfigurations = (
				D5B2E8B41C3A780C00C0327D /* Debug */,
				D5B2E8B51C3A780C00C0327D /* Release */,
			);
			defaultConfigurationIsVisible = 0;
			defaultConfigurationName = Release;
		};
		D9B3C7101FCEF38D00CDB7FF /* Build configuration list for PBXNativeTarget "TestableApp" */ = {
			isa = XCConfigurationList;
			buildConfigurations = (
				D9B3C7111FCEF38D00CDB7FF /* Debug */,
				D9B3C7121FCEF38D00CDB7FF /* Release */,
			);
			defaultConfigurationIsVisible = 0;
			defaultConfigurationName = Release;
		};
		D9B3C7231FCEF96D00CDB7FF /* Build configuration list for PBXNativeTarget "CloudKitTests" */ = {
			isa = XCConfigurationList;
			buildConfigurations = (
				D9B3C7241FCEF96D00CDB7FF /* Debug */,
				D9B3C7251FCEF96D00CDB7FF /* Release */,
			);
			defaultConfigurationIsVisible = 0;
			defaultConfigurationName = Release;
		};
		E29BB2301E436F310020F5B6 /* Build configuration list for PBXNativeTarget "CloudCoreTests" */ = {
			isa = XCConfigurationList;
			buildConfigurations = (
				E29BB2311E436F310020F5B6 /* Debug */,
				E29BB2321E436F310020F5B6 /* Release */,
			);
			defaultConfigurationIsVisible = 0;
			defaultConfigurationName = Release;
		};
/* End XCConfigurationList section */

/* Begin XCVersionGroup section */
		D9B3C6FC1FCEF38D00CDB7FF /* TestableApp.xcdatamodeld */ = {
			isa = XCVersionGroup;
			children = (
				D9B3C6FD1FCEF38D00CDB7FF /* TestableApp.xcdatamodel */,
			);
			currentVersion = D9B3C6FD1FCEF38D00CDB7FF /* TestableApp.xcdatamodel */;
			path = TestableApp.xcdatamodeld;
			sourceTree = "<group>";
			versionGroupType = wrapper.xcdatamodel;
		};
		D9B3C7291FCEFA9800CDB7FF /* model.xcdatamodeld */ = {
			isa = XCVersionGroup;
			children = (
				D9B3C72A1FCEFA9800CDB7FF /* model.xcdatamodel */,
			);
			currentVersion = D9B3C72A1FCEFA9800CDB7FF /* model.xcdatamodel */;
			path = model.xcdatamodeld;
			sourceTree = "<group>";
			versionGroupType = wrapper.xcdatamodel;
		};
		E29BB2331E436F720020F5B6 /* model.xcdatamodeld */ = {
			isa = XCVersionGroup;
			children = (
				E29BB2341E436F720020F5B6 /* model.xcdatamodel */,
			);
			currentVersion = E29BB2341E436F720020F5B6 /* model.xcdatamodel */;
			path = model.xcdatamodeld;
			sourceTree = "<group>";
			versionGroupType = wrapper.xcdatamodel;
		};
/* End XCVersionGroup section */
	};
	rootObject = D5B2E8961C3A780C00C0327D /* Project object */;
}
