// !$*UTF8*$!
{
	archiveVersion = 1;
	classes = {
	};
	objectVersion = 46;
	objects = {

/* Begin PBXBuildFile section */
		570603D72810A3D900F52353 /* CoreDataContextObserver.swift in Sources */ = {isa = PBXBuildFile; fileRef = 570603D62810A3D900F52353 /* CoreDataContextObserver.swift */; };
		57182766280E340E0078B30C /* Datafile+CoreDataClass.swift in Sources */ = {isa = PBXBuildFile; fileRef = 57182765280E340E0078B30C /* Datafile+CoreDataClass.swift */; };
		57182768280E344A0078B30C /* Datafile+CloudCoreCacheable.swift in Sources */ = {isa = PBXBuildFile; fileRef = 57182767280E344A0078B30C /* Datafile+CloudCoreCacheable.swift */; };
		579DFE0B2660506100B0A079 /* Organization+CloudCoreSharing.swift in Sources */ = {isa = PBXBuildFile; fileRef = 579DFE0A2660506100B0A079 /* Organization+CloudCoreSharing.swift */; };
		579DFE0D266050A000B0A079 /* Organization+CoreDataClass.swift in Sources */ = {isa = PBXBuildFile; fileRef = 579DFE0C266050A000B0A079 /* Organization+CoreDataClass.swift */; };
		B4532A37427BB629A3A47821 /* Pods_CloudCoreExample.framework in Frameworks */ = {isa = PBXBuildFile; fileRef = 5710AB9C0BE90A85D15BCD9F /* Pods_CloudCoreExample.framework */; };
		D97438161FE168D800650541 /* FRCTableViewDataSource.swift in Sources */ = {isa = PBXBuildFile; fileRef = D97438151FE168D800650541 /* FRCTableViewDataSource.swift */; };
		D974381D1FE16E6E00650541 /* ModelFactory.swift in Sources */ = {isa = PBXBuildFile; fileRef = D974381C1FE16E6E00650541 /* ModelFactory.swift */; };
		D974381F1FE18ED100650541 /* NotificationsObserver.swift in Sources */ = {isa = PBXBuildFile; fileRef = D974381E1FE18ED100650541 /* NotificationsObserver.swift */; };
		D97438231FE199F500650541 /* EmployeeTableViewCell.swift in Sources */ = {isa = PBXBuildFile; fileRef = D97438221FE199F500650541 /* EmployeeTableViewCell.swift */; };
		E261E0581EAFEA8A00F1CA61 /* CloudKit.framework in Frameworks */ = {isa = PBXBuildFile; fileRef = E261E0571EAFEA8A00F1CA61 /* CloudKit.framework */; };
		E2C3E3541E53299800A733BF /* AppDelegate.swift in Sources */ = {isa = PBXBuildFile; fileRef = E2C3E3531E53299800A733BF /* AppDelegate.swift */; };
		E2C3E3571E53299800A733BF /* Model.xcdatamodeld in Sources */ = {isa = PBXBuildFile; fileRef = E2C3E3551E53299800A733BF /* Model.xcdatamodeld */; };
		E2C3E3591E53299800A733BF /* MasterViewController.swift in Sources */ = {isa = PBXBuildFile; fileRef = E2C3E3581E53299800A733BF /* MasterViewController.swift */; };
		E2C3E35B1E53299800A733BF /* DetailViewController.swift in Sources */ = {isa = PBXBuildFile; fileRef = E2C3E35A1E53299800A733BF /* DetailViewController.swift */; };
		E2C3E35E1E53299800A733BF /* Main.storyboard in Resources */ = {isa = PBXBuildFile; fileRef = E2C3E35C1E53299800A733BF /* Main.storyboard */; };
		E2C3E3601E53299800A733BF /* Assets.xcassets in Resources */ = {isa = PBXBuildFile; fileRef = E2C3E35F1E53299800A733BF /* Assets.xcassets */; };
		E2C3E3631E53299800A733BF /* LaunchScreen.storyboard in Resources */ = {isa = PBXBuildFile; fileRef = E2C3E3611E53299800A733BF /* LaunchScreen.storyboard */; };
/* End PBXBuildFile section */

/* Begin PBXCopyFilesBuildPhase section */
		E23BE7101EA4FD78008F4F23 /* Embed Frameworks */ = {
			isa = PBXCopyFilesBuildPhase;
			buildActionMask = 2147483647;
			dstPath = "";
			dstSubfolderSpec = 10;
			files = (
			);
			name = "Embed Frameworks";
			runOnlyForDeploymentPostprocessing = 0;
		};
/* End PBXCopyFilesBuildPhase section */

/* Begin PBXFileReference section */
		2AD0596598E464554C061BBB /* Pods-CloudCoreExample.release.xcconfig */ = {isa = PBXFileReference; includeInIndex = 1; lastKnownFileType = text.xcconfig; name = "Pods-CloudCoreExample.release.xcconfig"; path = "Pods/Target Support Files/Pods-CloudCoreExample/Pods-CloudCoreExample.release.xcconfig"; sourceTree = "<group>"; };
		570603D62810A3D900F52353 /* CoreDataContextObserver.swift */ = {isa = PBXFileReference; fileEncoding = 4; lastKnownFileType = sourcecode.swift; path = CoreDataContextObserver.swift; sourceTree = "<group>"; };
		5710AB9C0BE90A85D15BCD9F /* Pods_CloudCoreExample.framework */ = {isa = PBXFileReference; explicitFileType = wrapper.framework; includeInIndex = 0; path = Pods_CloudCoreExample.framework; sourceTree = BUILT_PRODUCTS_DIR; };
		57182765280E340E0078B30C /* Datafile+CoreDataClass.swift */ = {isa = PBXFileReference; lastKnownFileType = sourcecode.swift; path = "Datafile+CoreDataClass.swift"; sourceTree = "<group>"; };
		57182767280E344A0078B30C /* Datafile+CloudCoreCacheable.swift */ = {isa = PBXFileReference; lastKnownFileType = sourcecode.swift; path = "Datafile+CloudCoreCacheable.swift"; sourceTree = "<group>"; };
		579DFE0A2660506100B0A079 /* Organization+CloudCoreSharing.swift */ = {isa = PBXFileReference; fileEncoding = 4; lastKnownFileType = sourcecode.swift; path = "Organization+CloudCoreSharing.swift"; sourceTree = "<group>"; };
		579DFE0C266050A000B0A079 /* Organization+CoreDataClass.swift */ = {isa = PBXFileReference; fileEncoding = 4; lastKnownFileType = sourcecode.swift; path = "Organization+CoreDataClass.swift"; sourceTree = "<group>"; };
		D97438151FE168D800650541 /* FRCTableViewDataSource.swift */ = {isa = PBXFileReference; lastKnownFileType = sourcecode.swift; path = FRCTableViewDataSource.swift; sourceTree = "<group>"; };
		D974381C1FE16E6E00650541 /* ModelFactory.swift */ = {isa = PBXFileReference; lastKnownFileType = sourcecode.swift; path = ModelFactory.swift; sourceTree = "<group>"; };
		D974381E1FE18ED100650541 /* NotificationsObserver.swift */ = {isa = PBXFileReference; lastKnownFileType = sourcecode.swift; path = NotificationsObserver.swift; sourceTree = "<group>"; };
		D97438221FE199F500650541 /* EmployeeTableViewCell.swift */ = {isa = PBXFileReference; lastKnownFileType = sourcecode.swift; path = EmployeeTableViewCell.swift; sourceTree = "<group>"; };
		E261E0571EAFEA8A00F1CA61 /* CloudKit.framework */ = {isa = PBXFileReference; lastKnownFileType = wrapper.framework; name = CloudKit.framework; path = System/Library/Frameworks/CloudKit.framework; sourceTree = SDKROOT; };
		E2C3E3501E53299800A733BF /* CloudCoreExample.app */ = {isa = PBXFileReference; explicitFileType = wrapper.application; includeInIndex = 0; path = CloudCoreExample.app; sourceTree = BUILT_PRODUCTS_DIR; };
		E2C3E3531E53299800A733BF /* AppDelegate.swift */ = {isa = PBXFileReference; lastKnownFileType = sourcecode.swift; path = AppDelegate.swift; sourceTree = "<group>"; };
		E2C3E3561E53299800A733BF /* Model.xcdatamodel */ = {isa = PBXFileReference; lastKnownFileType = wrapper.xcdatamodel; path = Model.xcdatamodel; sourceTree = "<group>"; };
		E2C3E3581E53299800A733BF /* MasterViewController.swift */ = {isa = PBXFileReference; lastKnownFileType = sourcecode.swift; path = MasterViewController.swift; sourceTree = "<group>"; };
		E2C3E35A1E53299800A733BF /* DetailViewController.swift */ = {isa = PBXFileReference; lastKnownFileType = sourcecode.swift; path = DetailViewController.swift; sourceTree = "<group>"; };
		E2C3E35D1E53299800A733BF /* Base */ = {isa = PBXFileReference; lastKnownFileType = file.storyboard; name = Base; path = Base.lproj/Main.storyboard; sourceTree = "<group>"; };
		E2C3E35F1E53299800A733BF /* Assets.xcassets */ = {isa = PBXFileReference; lastKnownFileType = folder.assetcatalog; path = Assets.xcassets; sourceTree = "<group>"; };
		E2C3E3621E53299800A733BF /* Base */ = {isa = PBXFileReference; lastKnownFileType = file.storyboard; name = Base; path = Base.lproj/LaunchScreen.storyboard; sourceTree = "<group>"; };
		E2C3E3641E53299800A733BF /* Info.plist */ = {isa = PBXFileReference; lastKnownFileType = text.plist.xml; path = Info.plist; sourceTree = "<group>"; };
		E2C3E36A1E532A6E00A733BF /* CloudCoreExample.entitlements */ = {isa = PBXFileReference; lastKnownFileType = text.plist.entitlements; path = CloudCoreExample.entitlements; sourceTree = "<group>"; };
		E9E8795228293D77FA3CBD0F /* Pods-CloudCoreExample.debug.xcconfig */ = {isa = PBXFileReference; includeInIndex = 1; lastKnownFileType = text.xcconfig; name = "Pods-CloudCoreExample.debug.xcconfig"; path = "Pods/Target Support Files/Pods-CloudCoreExample/Pods-CloudCoreExample.debug.xcconfig"; sourceTree = "<group>"; };
/* End PBXFileReference section */

/* Begin PBXFrameworksBuildPhase section */
		E2C3E34D1E53299800A733BF /* Frameworks */ = {
			isa = PBXFrameworksBuildPhase;
			buildActionMask = 2147483647;
			files = (
				E261E0581EAFEA8A00F1CA61 /* CloudKit.framework in Frameworks */,
				B4532A37427BB629A3A47821 /* Pods_CloudCoreExample.framework in Frameworks */,
			);
			runOnlyForDeploymentPostprocessing = 0;
		};
/* End PBXFrameworksBuildPhase section */

/* Begin PBXGroup section */
		579DFE092660502600B0A079 /* Model */ = {
			isa = PBXGroup;
			children = (
				E2C3E3551E53299800A733BF /* Model.xcdatamodeld */,
				579DFE0C266050A000B0A079 /* Organization+CoreDataClass.swift */,
				579DFE0A2660506100B0A079 /* Organization+CloudCoreSharing.swift */,
				57182765280E340E0078B30C /* Datafile+CoreDataClass.swift */,
				57182767280E344A0078B30C /* Datafile+CloudCoreCacheable.swift */,
				570603D62810A3D900F52353 /* CoreDataContextObserver.swift */,
			);
			path = Model;
			sourceTree = "<group>";
		};
		BFBADA7DFB65C4DA1FA75BBE /* Pods */ = {
			isa = PBXGroup;
			children = (
				E9E8795228293D77FA3CBD0F /* Pods-CloudCoreExample.debug.xcconfig */,
				2AD0596598E464554C061BBB /* Pods-CloudCoreExample.release.xcconfig */,
			);
			name = Pods;
			sourceTree = "<group>";
		};
		D97438201FE1919300650541 /* View Controller */ = {
			isa = PBXGroup;
			children = (
				E2C3E3581E53299800A733BF /* MasterViewController.swift */,
				E2C3E35A1E53299800A733BF /* DetailViewController.swift */,
			);
			path = "View Controller";
			sourceTree = "<group>";
		};
		D97438211FE191A500650541 /* Class */ = {
			isa = PBXGroup;
			children = (
				D974381E1FE18ED100650541 /* NotificationsObserver.swift */,
				D974381C1FE16E6E00650541 /* ModelFactory.swift */,
				D97438151FE168D800650541 /* FRCTableViewDataSource.swift */,
			);
			path = Class;
			sourceTree = "<group>";
		};
		D97438241FE19A0E00650541 /* View */ = {
			isa = PBXGroup;
			children = (
				D97438221FE199F500650541 /* EmployeeTableViewCell.swift */,
			);
			path = View;
			sourceTree = "<group>";
		};
		E26BDD971E759D5E00994CE7 /* Resources */ = {
			isa = PBXGroup;
			children = (
				E2C3E35F1E53299800A733BF /* Assets.xcassets */,
				E2C3E36A1E532A6E00A733BF /* CloudCoreExample.entitlements */,
				E2C3E3641E53299800A733BF /* Info.plist */,
				E2C3E3611E53299800A733BF /* LaunchScreen.storyboard */,
				E2C3E35C1E53299800A733BF /* Main.storyboard */,
			);
			path = Resources;
			sourceTree = "<group>";
		};
		E2C3E3471E53299800A733BF = {
			isa = PBXGroup;
			children = (
				EC26894FD30A1DA2AD22664A /* Frameworks */,
				E2C3E3511E53299800A733BF /* Products */,
				E26BDD971E759D5E00994CE7 /* Resources */,
				E2C3E3521E53299800A733BF /* Sources */,
				BFBADA7DFB65C4DA1FA75BBE /* Pods */,
			);
			sourceTree = "<group>";
		};
		E2C3E3511E53299800A733BF /* Products */ = {
			isa = PBXGroup;
			children = (
				E2C3E3501E53299800A733BF /* CloudCoreExample.app */,
			);
			name = Products;
			sourceTree = "<group>";
		};
		E2C3E3521E53299800A733BF /* Sources */ = {
			isa = PBXGroup;
			children = (
				E2C3E3531E53299800A733BF /* AppDelegate.swift */,
				579DFE092660502600B0A079 /* Model */,
				D97438201FE1919300650541 /* View Controller */,
				D97438211FE191A500650541 /* Class */,
				D97438241FE19A0E00650541 /* View */,
			);
			path = Sources;
			sourceTree = "<group>";
		};
		EC26894FD30A1DA2AD22664A /* Frameworks */ = {
			isa = PBXGroup;
			children = (
				E261E0571EAFEA8A00F1CA61 /* CloudKit.framework */,
				5710AB9C0BE90A85D15BCD9F /* Pods_CloudCoreExample.framework */,
			);
			name = Frameworks;
			sourceTree = "<group>";
		};
/* End PBXGroup section */

/* Begin PBXNativeTarget section */
		E2C3E34F1E53299800A733BF /* CloudCoreExample */ = {
			isa = PBXNativeTarget;
			buildConfigurationList = E2C3E3671E53299800A733BF /* Build configuration list for PBXNativeTarget "CloudCoreExample" */;
			buildPhases = (
				74EEB05A875696C8E3F6398D /* [CP] Check Pods Manifest.lock */,
				E2C3E34C1E53299800A733BF /* Sources */,
				E2C3E34D1E53299800A733BF /* Frameworks */,
				E2C3E34E1E53299800A733BF /* Resources */,
				E23BE7101EA4FD78008F4F23 /* Embed Frameworks */,
				D0F793BBB16236A031D0746F /* [CP] Embed Pods Frameworks */,
			);
			buildRules = (
			);
			dependencies = (
			);
			name = CloudCoreExample;
			productName = CloudTest2;
			productReference = E2C3E3501E53299800A733BF /* CloudCoreExample.app */;
			productType = "com.apple.product-type.application";
		};
/* End PBXNativeTarget section */

/* Begin PBXProject section */
		E2C3E3481E53299800A733BF /* Project object */ = {
			isa = PBXProject;
			attributes = {
				LastSwiftUpdateCheck = 0820;
				LastUpgradeCheck = 1250;
				ORGANIZATIONNAME = "Vasily Ulianov";
				TargetAttributes = {
					E2C3E34F1E53299800A733BF = {
						CreatedOnToolsVersion = 8.2.1;
						DevelopmentTeam = 26Y8AQV29F;
						LastSwiftMigration = 1030;
						ProvisioningStyle = Automatic;
						SystemCapabilities = {
							com.apple.BackgroundModes = {
								enabled = 1;
							};
							com.apple.Push = {
								enabled = 1;
							};
							com.apple.iCloud = {
								enabled = 1;
							};
						};
					};
				};
			};
			buildConfigurationList = E2C3E34B1E53299800A733BF /* Build configuration list for PBXProject "CloudCoreExample" */;
			compatibilityVersion = "Xcode 3.2";
			developmentRegion = en;
			hasScannedForEncodings = 0;
			knownRegions = (
				en,
				Base,
			);
			mainGroup = E2C3E3471E53299800A733BF;
			productRefGroup = E2C3E3511E53299800A733BF /* Products */;
			projectDirPath = "";
			projectRoot = "";
			targets = (
				E2C3E34F1E53299800A733BF /* CloudCoreExample */,
			);
		};
/* End PBXProject section */

/* Begin PBXResourcesBuildPhase section */
		E2C3E34E1E53299800A733BF /* Resources */ = {
			isa = PBXResourcesBuildPhase;
			buildActionMask = 2147483647;
			files = (
				E2C3E3631E53299800A733BF /* LaunchScreen.storyboard in Resources */,
				E2C3E3601E53299800A733BF /* Assets.xcassets in Resources */,
				E2C3E35E1E53299800A733BF /* Main.storyboard in Resources */,
			);
			runOnlyForDeploymentPostprocessing = 0;
		};
/* End PBXResourcesBuildPhase section */

/* Begin PBXShellScriptBuildPhase section */
		74EEB05A875696C8E3F6398D /* [CP] Check Pods Manifest.lock */ = {
			isa = PBXShellScriptBuildPhase;
			buildActionMask = 2147483647;
			files = (
			);
			inputPaths = (
				"${PODS_PODFILE_DIR_PATH}/Podfile.lock",
				"${PODS_ROOT}/Manifest.lock",
			);
			name = "[CP] Check Pods Manifest.lock";
			outputPaths = (
				"$(DERIVED_FILE_DIR)/Pods-CloudCoreExample-checkManifestLockResult.txt",
			);
			runOnlyForDeploymentPostprocessing = 0;
			shellPath = /bin/sh;
			shellScript = "diff \"${PODS_PODFILE_DIR_PATH}/Podfile.lock\" \"${PODS_ROOT}/Manifest.lock\" > /dev/null\nif [ $? != 0 ] ; then\n    # print error to STDERR\n    echo \"error: The sandbox is not in sync with the Podfile.lock. Run 'pod install' or update your CocoaPods installation.\" >&2\n    exit 1\nfi\n# This output is used by Xcode 'outputs' to avoid re-running this script phase.\necho \"SUCCESS\" > \"${SCRIPT_OUTPUT_FILE_0}\"\n";
			showEnvVarsInLog = 0;
		};
		D0F793BBB16236A031D0746F /* [CP] Embed Pods Frameworks */ = {
			isa = PBXShellScriptBuildPhase;
			buildActionMask = 2147483647;
			files = (
			);
			inputPaths = (
				"${PODS_ROOT}/Target Support Files/Pods-CloudCoreExample/Pods-CloudCoreExample-frameworks.sh",
				"${BUILT_PRODUCTS_DIR}/CloudCore/CloudCore.framework",
				"${BUILT_PRODUCTS_DIR}/Connectivity/Connectivity.framework",
				"${BUILT_PRODUCTS_DIR}/Fakery/Fakery.framework",
			);
			name = "[CP] Embed Pods Frameworks";
			outputPaths = (
				"${TARGET_BUILD_DIR}/${FRAMEWORKS_FOLDER_PATH}/CloudCore.framework",
				"${TARGET_BUILD_DIR}/${FRAMEWORKS_FOLDER_PATH}/Connectivity.framework",
				"${TARGET_BUILD_DIR}/${FRAMEWORKS_FOLDER_PATH}/Fakery.framework",
			);
			runOnlyForDeploymentPostprocessing = 0;
			shellPath = /bin/sh;
			shellScript = "\"${PODS_ROOT}/Target Support Files/Pods-CloudCoreExample/Pods-CloudCoreExample-frameworks.sh\"\n";
			showEnvVarsInLog = 0;
		};
/* End PBXShellScriptBuildPhase section */

/* Begin PBXSourcesBuildPhase section */
		E2C3E34C1E53299800A733BF /* Sources */ = {
			isa = PBXSourcesBuildPhase;
			buildActionMask = 2147483647;
			files = (
				D974381F1FE18ED100650541 /* NotificationsObserver.swift in Sources */,
				D97438231FE199F500650541 /* EmployeeTableViewCell.swift in Sources */,
				579DFE0D266050A000B0A079 /* Organization+CoreDataClass.swift in Sources */,
				57182766280E340E0078B30C /* Datafile+CoreDataClass.swift in Sources */,
				E2C3E3571E53299800A733BF /* Model.xcdatamodeld in Sources */,
				E2C3E3541E53299800A733BF /* AppDelegate.swift in Sources */,
				570603D72810A3D900F52353 /* CoreDataContextObserver.swift in Sources */,
				D974381D1FE16E6E00650541 /* ModelFactory.swift in Sources */,
				57182768280E344A0078B30C /* Datafile+CloudCoreCacheable.swift in Sources */,
				D97438161FE168D800650541 /* FRCTableViewDataSource.swift in Sources */,
				579DFE0B2660506100B0A079 /* Organization+CloudCoreSharing.swift in Sources */,
				E2C3E3591E53299800A733BF /* MasterViewController.swift in Sources */,
				E2C3E35B1E53299800A733BF /* DetailViewController.swift in Sources */,
			);
			runOnlyForDeploymentPostprocessing = 0;
		};
/* End PBXSourcesBuildPhase section */

/* Begin PBXVariantGroup section */
		E2C3E35C1E53299800A733BF /* Main.storyboard */ = {
			isa = PBXVariantGroup;
			children = (
				E2C3E35D1E53299800A733BF /* Base */,
			);
			name = Main.storyboard;
			path = .;
			sourceTree = "<group>";
		};
		E2C3E3611E53299800A733BF /* LaunchScreen.storyboard */ = {
			isa = PBXVariantGroup;
			children = (
				E2C3E3621E53299800A733BF /* Base */,
			);
			name = LaunchScreen.storyboard;
			path = .;
			sourceTree = "<group>";
		};
/* End PBXVariantGroup section */

/* Begin XCBuildConfiguration section */
		E2C3E3651E53299800A733BF /* Debug */ = {
			isa = XCBuildConfiguration;
			buildSettings = {
				ALWAYS_SEARCH_USER_PATHS = NO;
				CLANG_ANALYZER_LOCALIZABILITY_NONLOCALIZED = YES;
				CLANG_ANALYZER_NONNULL = YES;
				CLANG_CXX_LANGUAGE_STANDARD = "gnu++0x";
				CLANG_CXX_LIBRARY = "libc++";
				CLANG_ENABLE_MODULES = YES;
				CLANG_ENABLE_OBJC_ARC = YES;
				CLANG_WARN_BLOCK_CAPTURE_AUTORELEASING = YES;
				CLANG_WARN_BOOL_CONVERSION = YES;
				CLANG_WARN_COMMA = YES;
				CLANG_WARN_CONSTANT_CONVERSION = YES;
				CLANG_WARN_DEPRECATED_OBJC_IMPLEMENTATIONS = YES;
				CLANG_WARN_DIRECT_OBJC_ISA_USAGE = YES_ERROR;
				CLANG_WARN_DOCUMENTATION_COMMENTS = YES;
				CLANG_WARN_EMPTY_BODY = YES;
				CLANG_WARN_ENUM_CONVERSION = YES;
				CLANG_WARN_INFINITE_RECURSION = YES;
				CLANG_WARN_INT_CONVERSION = YES;
				CLANG_WARN_NON_LITERAL_NULL_CONVERSION = YES;
				CLANG_WARN_OBJC_IMPLICIT_RETAIN_SELF = YES;
				CLANG_WARN_OBJC_LITERAL_CONVERSION = YES;
				CLANG_WARN_OBJC_ROOT_CLASS = YES_ERROR;
				CLANG_WARN_QUOTED_INCLUDE_IN_FRAMEWORK_HEADER = YES;
				CLANG_WARN_RANGE_LOOP_ANALYSIS = YES;
				CLANG_WARN_STRICT_PROTOTYPES = YES;
				CLANG_WARN_SUSPICIOUS_MOVE = YES;
				CLANG_WARN_UNREACHABLE_CODE = YES;
				CLANG_WARN__DUPLICATE_METHOD_MATCH = YES;
				"CODE_SIGN_IDENTITY[sdk=iphoneos*]" = "iPhone Developer";
				COPY_PHASE_STRIP = NO;
				DEBUG_INFORMATION_FORMAT = dwarf;
				ENABLE_STRICT_OBJC_MSGSEND = YES;
				ENABLE_TESTABILITY = YES;
				GCC_C_LANGUAGE_STANDARD = gnu99;
				GCC_DYNAMIC_NO_PIC = NO;
				GCC_NO_COMMON_BLOCKS = YES;
				GCC_OPTIMIZATION_LEVEL = 0;
				GCC_PREPROCESSOR_DEFINITIONS = (
					"DEBUG=1",
					"$(inherited)",
				);
				GCC_WARN_64_TO_32_BIT_CONVERSION = YES;
				GCC_WARN_ABOUT_RETURN_TYPE = YES_ERROR;
				GCC_WARN_UNDECLARED_SELECTOR = YES;
				GCC_WARN_UNINITIALIZED_AUTOS = YES_AGGRESSIVE;
				GCC_WARN_UNUSED_FUNCTION = YES;
				GCC_WARN_UNUSED_VARIABLE = YES;
				IPHONEOS_DEPLOYMENT_TARGET = 13.0;
				MTL_ENABLE_DEBUG_INFO = YES;
				ONLY_ACTIVE_ARCH = YES;
				SDKROOT = iphoneos;
				SWIFT_ACTIVE_COMPILATION_CONDITIONS = DEBUG;
				SWIFT_OPTIMIZATION_LEVEL = "-Onone";
			};
			name = Debug;
		};
		E2C3E3661E53299800A733BF /* Release */ = {
			isa = XCBuildConfiguration;
			buildSettings = {
				ALWAYS_SEARCH_USER_PATHS = NO;
				CLANG_ANALYZER_LOCALIZABILITY_NONLOCALIZED = YES;
				CLANG_ANALYZER_NONNULL = YES;
				CLANG_CXX_LANGUAGE_STANDARD = "gnu++0x";
				CLANG_CXX_LIBRARY = "libc++";
				CLANG_ENABLE_MODULES = YES;
				CLANG_ENABLE_OBJC_ARC = YES;
				CLANG_WARN_BLOCK_CAPTURE_AUTORELEASING = YES;
				CLANG_WARN_BOOL_CONVERSION = YES;
				CLANG_WARN_COMMA = YES;
				CLANG_WARN_CONSTANT_CONVERSION = YES;
				CLANG_WARN_DEPRECATED_OBJC_IMPLEMENTATIONS = YES;
				CLANG_WARN_DIRECT_OBJC_ISA_USAGE = YES_ERROR;
				CLANG_WARN_DOCUMENTATION_COMMENTS = YES;
				CLANG_WARN_EMPTY_BODY = YES;
				CLANG_WARN_ENUM_CONVERSION = YES;
				CLANG_WARN_INFINITE_RECURSION = YES;
				CLANG_WARN_INT_CONVERSION = YES;
				CLANG_WARN_NON_LITERAL_NULL_CONVERSION = YES;
				CLANG_WARN_OBJC_IMPLICIT_RETAIN_SELF = YES;
				CLANG_WARN_OBJC_LITERAL_CONVERSION = YES;
				CLANG_WARN_OBJC_ROOT_CLASS = YES_ERROR;
				CLANG_WARN_QUOTED_INCLUDE_IN_FRAMEWORK_HEADER = YES;
				CLANG_WARN_RANGE_LOOP_ANALYSIS = YES;
				CLANG_WARN_STRICT_PROTOTYPES = YES;
				CLANG_WARN_SUSPICIOUS_MOVE = YES;
				CLANG_WARN_UNREACHABLE_CODE = YES;
				CLANG_WARN__DUPLICATE_METHOD_MATCH = YES;
				"CODE_SIGN_IDENTITY[sdk=iphoneos*]" = "iPhone Developer";
				COPY_PHASE_STRIP = NO;
				DEBUG_INFORMATION_FORMAT = "dwarf-with-dsym";
				ENABLE_NS_ASSERTIONS = NO;
				ENABLE_STRICT_OBJC_MSGSEND = YES;
				GCC_C_LANGUAGE_STANDARD = gnu99;
				GCC_NO_COMMON_BLOCKS = YES;
				GCC_WARN_64_TO_32_BIT_CONVERSION = YES;
				GCC_WARN_ABOUT_RETURN_TYPE = YES_ERROR;
				GCC_WARN_UNDECLARED_SELECTOR = YES;
				GCC_WARN_UNINITIALIZED_AUTOS = YES_AGGRESSIVE;
				GCC_WARN_UNUSED_FUNCTION = YES;
				GCC_WARN_UNUSED_VARIABLE = YES;
				IPHONEOS_DEPLOYMENT_TARGET = 13.0;
				MTL_ENABLE_DEBUG_INFO = NO;
				SDKROOT = iphoneos;
				SWIFT_OPTIMIZATION_LEVEL = "-Owholemodule";
				VALIDATE_PRODUCT = YES;
			};
			name = Release;
		};
		E2C3E3681E53299800A733BF /* Debug */ = {
			isa = XCBuildConfiguration;
			baseConfigurationReference = E9E8795228293D77FA3CBD0F /* Pods-CloudCoreExample.debug.xcconfig */;
			buildSettings = {
				ALWAYS_EMBED_SWIFT_STANDARD_LIBRARIES = YES;
				ASSETCATALOG_COMPILER_APPICON_NAME = AppIcon;
				CODE_SIGN_ENTITLEMENTS = Resources/CloudCoreExample.entitlements;
				DEVELOPMENT_TEAM = 26Y8AQV29F;
				INFOPLIST_FILE = Resources/Info.plist;
				IPHONEOS_DEPLOYMENT_TARGET = 13.0;
				LD_RUNPATH_SEARCH_PATHS = "$(inherited) @executable_path/Frameworks";
				MARKETING_VERSION = 1.2;
				PRODUCT_BUNDLE_IDENTIFIER = com.deeje.sample.CloudCore;
				PRODUCT_NAME = "$(TARGET_NAME)";
				SWIFT_VERSION = 5.0;
			};
			name = Debug;
		};
		E2C3E3691E53299800A733BF /* Release */ = {
			isa = XCBuildConfiguration;
			baseConfigurationReference = 2AD0596598E464554C061BBB /* Pods-CloudCoreExample.release.xcconfig */;
			buildSettings = {
				ALWAYS_EMBED_SWIFT_STANDARD_LIBRARIES = YES;
				ASSETCATALOG_COMPILER_APPICON_NAME = AppIcon;
				CODE_SIGN_ENTITLEMENTS = Resources/CloudCoreExample.entitlements;
				DEVELOPMENT_TEAM = 26Y8AQV29F;
				INFOPLIST_FILE = Resources/Info.plist;
				IPHONEOS_DEPLOYMENT_TARGET = 13.0;
				LD_RUNPATH_SEARCH_PATHS = "$(inherited) @executable_path/Frameworks";
				MARKETING_VERSION = 1.2;
				PRODUCT_BUNDLE_IDENTIFIER = com.deeje.sample.CloudCore;
				PRODUCT_NAME = "$(TARGET_NAME)";
				SWIFT_VERSION = 5.0;
			};
			name = Release;
		};
/* End XCBuildConfiguration section */

/* Begin XCConfigurationList section */
		E2C3E34B1E53299800A733BF /* Build configuration list for PBXProject "CloudCoreExample" */ = {
			isa = XCConfigurationList;
			buildConfigurations = (
				E2C3E3651E53299800A733BF /* Debug */,
				E2C3E3661E53299800A733BF /* Release */,
			);
			defaultConfigurationIsVisible = 0;
			defaultConfigurationName = Release;
		};
		E2C3E3671E53299800A733BF /* Build configuration list for PBXNativeTarget "CloudCoreExample" */ = {
			isa = XCConfigurationList;
			buildConfigurations = (
				E2C3E3681E53299800A733BF /* Debug */,
				E2C3E3691E53299800A733BF /* Release */,
			);
			defaultConfigurationIsVisible = 0;
			defaultConfigurationName = Release;
		};
/* End XCConfigurationList section */

/* Begin XCVersionGroup section */
		E2C3E3551E53299800A733BF /* Model.xcdatamodeld */ = {
			isa = XCVersionGroup;
			children = (
				E2C3E3561E53299800A733BF /* Model.xcdatamodel */,
			);
			currentVersion = E2C3E3561E53299800A733BF /* Model.xcdatamodel */;
			path = Model.xcdatamodeld;
			sourceTree = "<group>";
			versionGroupType = wrapper.xcdatamodel;
		};
/* End XCVersionGroup section */
	};
	rootObject = E2C3E3481E53299800A733BF /* Project object */;
}
